{
  "version": 4,
  "terraform_version": "1.12.2",
  "serial": 75,
  "lineage": "89df4fd6-3a98-137f-5276-734747ceb6b1",
  "outputs": {
    "gha_ecr_role_arn": {
      "value": "arn:aws:iam::285795751798:role/gha-ecr-push-role",
      "type": "string"
    },
    "rds_endpoint_primary": {
      "value": "rds-primary.c7is2cqukmqz.us-west-1.rds.amazonaws.com:3306",
      "type": "string"
    },
    "vpc_primary_id": {
      "value": "vpc-0b5b8d437986964db",
      "type": "string"
    }
  },
  "resources": [
    {
      "mode": "data",
      "type": "aws_ami",
      "name": "ubuntu",
      "provider": "provider[\"registry.terraform.io/hashicorp/aws\"]",
      "instances": [
        {
          "schema_version": 0,
          "attributes": {
            "allow_unsafe_filter": null,
            "architecture": "x86_64",
            "arn": "arn:aws:ec2:us-west-1::image/ami-0da3a14344acbe567",
            "block_device_mappings": [
              {
                "device_name": "/dev/sda1",
                "ebs": {
                  "delete_on_termination": "true",
                  "encrypted": "false",
                  "iops": "0",
                  "snapshot_id": "snap-07cf3c817a5e52813",
                  "throughput": "0",
                  "volume_initialization_rate": "0",
                  "volume_size": "8",
                  "volume_type": "gp3"
                },
                "no_device": "",
                "virtual_name": ""
              },
              {
                "device_name": "/dev/sdb",
                "ebs": {},
                "no_device": "",
                "virtual_name": "ephemeral0"
              },
              {
                "device_name": "/dev/sdc",
                "ebs": {},
                "no_device": "",
                "virtual_name": "ephemeral1"
              }
            ],
            "boot_mode": "uefi-preferred",
            "creation_date": "2025-11-26T10:51:13.000Z",
            "deprecation_time": "2027-11-26T10:51:13.000Z",
            "description": "Canonical, Ubuntu, 24.04, amd64 noble image",
            "ena_support": true,
            "executable_users": null,
            "filter": [
              {
                "name": "name",
                "values": [
                  "ubuntu/images/hvm-ssd-gp3/ubuntu-noble-24.04-amd64-server-*"
                ]
              }
            ],
            "hypervisor": "xen",
            "id": "ami-0da3a14344acbe567",
            "image_id": "ami-0da3a14344acbe567",
            "image_location": "amazon/ubuntu/images/hvm-ssd-gp3/ubuntu-noble-24.04-amd64-server-20251126",
            "image_owner_alias": "amazon",
            "image_type": "machine",
            "imds_support": "v2.0",
            "include_deprecated": false,
            "kernel_id": "",
            "last_launched_time": "",
            "most_recent": true,
            "name": "ubuntu/images/hvm-ssd-gp3/ubuntu-noble-24.04-amd64-server-20251126",
            "name_regex": null,
            "owner_id": "099720109477",
            "owners": [
              "099720109477"
            ],
            "platform": "",
            "platform_details": "Linux/UNIX",
            "product_codes": [],
            "public": true,
            "ramdisk_id": "",
            "region": "us-west-1",
            "root_device_name": "/dev/sda1",
            "root_device_type": "ebs",
            "root_snapshot_id": "snap-07cf3c817a5e52813",
            "sriov_net_support": "simple",
            "state": "available",
            "state_reason": {
              "code": "UNSET",
              "message": "UNSET"
            },
            "tags": {},
            "timeouts": null,
            "tpm_support": "",
            "uefi_data": null,
            "usage_operation": "RunInstances",
            "virtualization_type": "hvm"
          },
          "sensitive_attributes": [],
          "identity_schema_version": 0
        }
      ]
    },
    {
      "mode": "data",
      "type": "aws_iam_instance_profile",
      "name": "ec2_profile",
      "provider": "provider[\"registry.terraform.io/hashicorp/aws\"]",
      "instances": [
        {
          "schema_version": 0,
          "attributes": {
            "arn": "arn:aws:iam::285795751798:instance-profile/ec2-ecr-readonly-profile",
            "create_date": "2025-12-01 05:00:51 +0000 UTC",
            "id": "AIPAUFCWBC53GFZOZUDE3",
            "name": "ec2-ecr-readonly-profile",
            "path": "/",
            "role_arn": "arn:aws:iam::285795751798:role/ec2-ecr-readonly-role",
            "role_id": "AROAUFCWBC53FPZU2J6PL",
            "role_name": "ec2-ecr-readonly-role"
          },
          "sensitive_attributes": [],
          "identity_schema_version": 0
        }
      ]
    },
    {
      "mode": "data",
      "type": "aws_iam_policy_document",
      "name": "ec2_trust",
      "provider": "provider[\"registry.terraform.io/hashicorp/aws\"]",
      "instances": [
        {
          "schema_version": 0,
          "attributes": {
            "id": "2851119427",
            "json": "{\n  \"Version\": \"2012-10-17\",\n  \"Statement\": [\n    {\n      \"Effect\": \"Allow\",\n      \"Action\": \"sts:AssumeRole\",\n      \"Principal\": {\n        \"Service\": \"ec2.amazonaws.com\"\n      }\n    }\n  ]\n}",
            "minified_json": "{\"Version\":\"2012-10-17\",\"Statement\":[{\"Effect\":\"Allow\",\"Action\":\"sts:AssumeRole\",\"Principal\":{\"Service\":\"ec2.amazonaws.com\"}}]}",
            "override_json": null,
            "override_policy_documents": null,
            "policy_id": null,
            "source_json": null,
            "source_policy_documents": null,
            "statement": [
              {
                "actions": [
                  "sts:AssumeRole"
                ],
                "condition": [],
                "effect": "Allow",
                "not_actions": [],
                "not_principals": [],
                "not_resources": [],
                "principals": [
                  {
                    "identifiers": [
                      "ec2.amazonaws.com"
                    ],
                    "type": "Service"
                  }
                ],
                "resources": [],
                "sid": ""
              }
            ],
            "version": "2012-10-17"
          },
          "sensitive_attributes": [],
          "identity_schema_version": 0
        }
      ]
    },
    {
      "mode": "data",
      "type": "aws_iam_policy_document",
      "name": "ecr_push",
      "provider": "provider[\"registry.terraform.io/hashicorp/aws\"]",
      "instances": [
        {
          "schema_version": 0,
          "attributes": {
            "id": "1676859139",
            "json": "{\n  \"Version\": \"2012-10-17\",\n  \"Statement\": [\n    {\n      \"Sid\": \"EcrAuth\",\n      \"Effect\": \"Allow\",\n      \"Action\": \"ecr:GetAuthorizationToken\",\n      \"Resource\": \"*\"\n    },\n    {\n      \"Sid\": \"EcrUpload\",\n      \"Effect\": \"Allow\",\n      \"Action\": [\n        \"ecr:UploadLayerPart\",\n        \"ecr:PutImage\",\n        \"ecr:InitiateLayerUpload\",\n        \"ecr:CompleteLayerUpload\",\n        \"ecr:BatchCheckLayerAvailability\"\n      ],\n      \"Resource\": [\n        \"arn:aws:ecr:us-west-1:285795751798:repository/hr-frontend\",\n        \"arn:aws:ecr:us-west-1:285795751798:repository/hr-backend\"\n      ]\n    }\n  ]\n}",
            "minified_json": "{\"Version\":\"2012-10-17\",\"Statement\":[{\"Sid\":\"EcrAuth\",\"Effect\":\"Allow\",\"Action\":\"ecr:GetAuthorizationToken\",\"Resource\":\"*\"},{\"Sid\":\"EcrUpload\",\"Effect\":\"Allow\",\"Action\":[\"ecr:UploadLayerPart\",\"ecr:PutImage\",\"ecr:InitiateLayerUpload\",\"ecr:CompleteLayerUpload\",\"ecr:BatchCheckLayerAvailability\"],\"Resource\":[\"arn:aws:ecr:us-west-1:285795751798:repository/hr-frontend\",\"arn:aws:ecr:us-west-1:285795751798:repository/hr-backend\"]}]}",
            "override_json": null,
            "override_policy_documents": null,
            "policy_id": null,
            "source_json": null,
            "source_policy_documents": null,
            "statement": [
              {
                "actions": [
                  "ecr:GetAuthorizationToken"
                ],
                "condition": [],
                "effect": "Allow",
                "not_actions": [],
                "not_principals": [],
                "not_resources": [],
                "principals": [],
                "resources": [
                  "*"
                ],
                "sid": "EcrAuth"
              },
              {
                "actions": [
                  "ecr:BatchCheckLayerAvailability",
                  "ecr:CompleteLayerUpload",
                  "ecr:InitiateLayerUpload",
                  "ecr:PutImage",
                  "ecr:UploadLayerPart"
                ],
                "condition": [],
                "effect": "Allow",
                "not_actions": [],
                "not_principals": [],
                "not_resources": [],
                "principals": [],
                "resources": [
                  "arn:aws:ecr:us-west-1:285795751798:repository/hr-backend",
                  "arn:aws:ecr:us-west-1:285795751798:repository/hr-frontend"
                ],
                "sid": "EcrUpload"
              }
            ],
            "version": "2012-10-17"
          },
          "sensitive_attributes": [],
          "identity_schema_version": 0
        }
      ]
    },
    {
      "mode": "data",
      "type": "aws_iam_policy_document",
      "name": "gha_oidc_trust",
      "provider": "provider[\"registry.terraform.io/hashicorp/aws\"]",
      "instances": [
        {
          "schema_version": 0,
          "attributes": {
            "id": "432846254",
            "json": "{\n  \"Version\": \"2012-10-17\",\n  \"Statement\": [\n    {\n      \"Effect\": \"Allow\",\n      \"Action\": \"sts:AssumeRoleWithWebIdentity\",\n      \"Principal\": {\n        \"Federated\": \"arn:aws:iam::285795751798:oidc-provider/token.actions.githubusercontent.com\"\n      },\n      \"Condition\": {\n        \"StringEquals\": {\n          \"token.actions.githubusercontent.com:aud\": \"sts.amazonaws.com\"\n        },\n        \"StringLike\": {\n          \"token.actions.githubusercontent.com:sub\": \"repo:NMemane1/CMPE272-HR-PORTAL-ESP-TeamCodeCoven:*\"\n        }\n      }\n    }\n  ]\n}",
            "minified_json": "{\"Version\":\"2012-10-17\",\"Statement\":[{\"Effect\":\"Allow\",\"Action\":\"sts:AssumeRoleWithWebIdentity\",\"Principal\":{\"Federated\":\"arn:aws:iam::285795751798:oidc-provider/token.actions.githubusercontent.com\"},\"Condition\":{\"StringEquals\":{\"token.actions.githubusercontent.com:aud\":\"sts.amazonaws.com\"},\"StringLike\":{\"token.actions.githubusercontent.com:sub\":\"repo:NMemane1/CMPE272-HR-PORTAL-ESP-TeamCodeCoven:*\"}}}]}",
            "override_json": null,
            "override_policy_documents": null,
            "policy_id": null,
            "source_json": null,
            "source_policy_documents": null,
            "statement": [
              {
                "actions": [
                  "sts:AssumeRoleWithWebIdentity"
                ],
                "condition": [
                  {
                    "test": "StringEquals",
                    "values": [
                      "sts.amazonaws.com"
                    ],
                    "variable": "token.actions.githubusercontent.com:aud"
                  },
                  {
                    "test": "StringLike",
                    "values": [
                      "repo:NMemane1/CMPE272-HR-PORTAL-ESP-TeamCodeCoven:*"
                    ],
                    "variable": "token.actions.githubusercontent.com:sub"
                  }
                ],
                "effect": "Allow",
                "not_actions": [],
                "not_principals": [],
                "not_resources": [],
                "principals": [
                  {
                    "identifiers": [
                      "arn:aws:iam::285795751798:oidc-provider/token.actions.githubusercontent.com"
                    ],
                    "type": "Federated"
                  }
                ],
                "resources": [],
                "sid": ""
              }
            ],
            "version": "2012-10-17"
          },
          "sensitive_attributes": [],
          "identity_schema_version": 0
        }
      ]
    },
    {
      "mode": "managed",
      "type": "aws_cloudwatch_log_group",
      "name": "hr_portal",
      "provider": "provider[\"registry.terraform.io/hashicorp/aws\"]",
      "instances": [
        {
          "schema_version": 0,
          "attributes": {
            "arn": "arn:aws:logs:us-west-1:285795751798:log-group:/hr-portal/app",
            "id": "/hr-portal/app",
            "kms_key_id": "",
            "log_group_class": "STANDARD",
            "name": "/hr-portal/app",
            "name_prefix": "",
            "region": "us-west-1",
            "retention_in_days": 14,
            "skip_destroy": false,
            "tags": {},
            "tags_all": {}
          },
          "sensitive_attributes": [],
          "identity_schema_version": 0,
          "identity": {
            "account_id": "285795751798",
            "name": "/hr-portal/app",
            "region": "us-west-1"
          },
          "private": "bnVsbA=="
        }
      ]
    },
    {
      "mode": "managed",
      "type": "aws_ecr_repository",
      "name": "hr_backend",
      "provider": "provider[\"registry.terraform.io/hashicorp/aws\"]",
      "instances": [
        {
          "schema_version": 0,
          "attributes": {
            "arn": "arn:aws:ecr:us-west-1:285795751798:repository/hr-backend",
            "encryption_configuration": [
              {
                "encryption_type": "AES256",
                "kms_key": ""
              }
            ],
            "force_delete": null,
            "id": "hr-backend",
            "image_scanning_configuration": [
              {
                "scan_on_push": true
              }
            ],
            "image_tag_mutability": "MUTABLE",
            "image_tag_mutability_exclusion_filter": [],
            "name": "hr-backend",
            "region": "us-west-1",
            "registry_id": "285795751798",
            "repository_url": "285795751798.dkr.ecr.us-west-1.amazonaws.com/hr-backend",
            "tags": {},
            "tags_all": {},
            "timeouts": null
          },
          "sensitive_attributes": [],
          "identity_schema_version": 0,
          "identity": {
            "account_id": "285795751798",
            "name": "hr-backend",
            "region": "us-west-1"
          },
          "private": "eyJlMmJmYjczMC1lY2FhLTExZTYtOGY4OC0zNDM2M2JjN2M0YzAiOnsiZGVsZXRlIjoxMjAwMDAwMDAwMDAwfX0="
        }
      ]
    },
    {
      "mode": "managed",
      "type": "aws_ecr_repository",
      "name": "hr_frontend",
      "provider": "provider[\"registry.terraform.io/hashicorp/aws\"]",
      "instances": [
        {
          "schema_version": 0,
          "attributes": {
            "arn": "arn:aws:ecr:us-west-1:285795751798:repository/hr-frontend",
            "encryption_configuration": [
              {
                "encryption_type": "AES256",
                "kms_key": ""
              }
            ],
            "force_delete": null,
            "id": "hr-frontend",
            "image_scanning_configuration": [
              {
                "scan_on_push": true
              }
            ],
            "image_tag_mutability": "MUTABLE",
            "image_tag_mutability_exclusion_filter": [],
            "name": "hr-frontend",
            "region": "us-west-1",
            "registry_id": "285795751798",
            "repository_url": "285795751798.dkr.ecr.us-west-1.amazonaws.com/hr-frontend",
            "tags": {},
            "tags_all": {},
            "timeouts": null
          },
          "sensitive_attributes": [],
          "identity_schema_version": 0,
          "identity": {
            "account_id": "285795751798",
            "name": "hr-frontend",
            "region": "us-west-1"
          },
          "private": "eyJlMmJmYjczMC1lY2FhLTExZTYtOGY4OC0zNDM2M2JjN2M0YzAiOnsiZGVsZXRlIjoxMjAwMDAwMDAwMDAwfX0="
        }
      ]
    },
    {
      "mode": "managed",
      "type": "aws_iam_instance_profile",
      "name": "ec2_profile",
      "provider": "provider[\"registry.terraform.io/hashicorp/aws\"]",
      "instances": [
        {
          "schema_version": 0,
          "attributes": {
            "arn": "arn:aws:iam::285795751798:instance-profile/ec2-ecr-readonly-profile",
            "create_date": "2025-12-01T05:00:51Z",
            "id": "ec2-ecr-readonly-profile",
            "name": "ec2-ecr-readonly-profile",
            "name_prefix": "",
            "path": "/",
            "role": "ec2-ecr-readonly-role",
            "tags": {},
            "tags_all": {},
            "unique_id": "AIPAUFCWBC53GFZOZUDE3"
          },
          "sensitive_attributes": [],
          "identity_schema_version": 0,
          "private": "bnVsbA==",
          "dependencies": [
            "aws_iam_role.ec2_role",
            "data.aws_iam_policy_document.ec2_trust"
          ]
        }
      ]
    },
    {
      "mode": "managed",
      "type": "aws_iam_openid_connect_provider",
      "name": "github",
      "provider": "provider[\"registry.terraform.io/hashicorp/aws\"]",
      "instances": [
        {
          "schema_version": 0,
          "attributes": {
            "arn": "arn:aws:iam::285795751798:oidc-provider/token.actions.githubusercontent.com",
            "client_id_list": [
              "sts.amazonaws.com"
            ],
            "id": "arn:aws:iam::285795751798:oidc-provider/token.actions.githubusercontent.com",
            "tags": {},
            "tags_all": {},
            "thumbprint_list": [
              "6938fd4d98bab03faadb97b34396831e3780aea1"
            ],
            "url": "token.actions.githubusercontent.com"
          },
          "sensitive_attributes": [],
          "identity_schema_version": 0,
          "identity": {
            "arn": "arn:aws:iam::285795751798:oidc-provider/token.actions.githubusercontent.com"
          },
          "private": "bnVsbA=="
        }
      ]
    },
    {
      "mode": "managed",
      "type": "aws_iam_policy",
      "name": "ecr_push",
      "provider": "provider[\"registry.terraform.io/hashicorp/aws\"]",
      "instances": [
        {
          "schema_version": 0,
          "attributes": {
            "arn": "arn:aws:iam::285795751798:policy/ecr-push-policy",
            "attachment_count": 1,
            "description": "",
            "id": "arn:aws:iam::285795751798:policy/ecr-push-policy",
            "name": "ecr-push-policy",
            "name_prefix": "",
            "path": "/",
            "policy": "{\"Statement\":[{\"Action\":\"ecr:GetAuthorizationToken\",\"Effect\":\"Allow\",\"Resource\":\"*\",\"Sid\":\"EcrAuth\"},{\"Action\":[\"ecr:UploadLayerPart\",\"ecr:PutImage\",\"ecr:InitiateLayerUpload\",\"ecr:CompleteLayerUpload\",\"ecr:BatchCheckLayerAvailability\"],\"Effect\":\"Allow\",\"Resource\":[\"arn:aws:ecr:us-west-1:285795751798:repository/hr-frontend\",\"arn:aws:ecr:us-west-1:285795751798:repository/hr-backend\"],\"Sid\":\"EcrUpload\"}],\"Version\":\"2012-10-17\"}",
            "policy_id": "ANPAUFCWBC53LQT6FAKGO",
            "tags": {},
            "tags_all": {}
          },
          "sensitive_attributes": [],
          "identity_schema_version": 0,
          "identity": {
            "arn": "arn:aws:iam::285795751798:policy/ecr-push-policy"
          },
          "private": "bnVsbA==",
          "dependencies": [
            "aws_ecr_repository.hr_backend",
            "aws_ecr_repository.hr_frontend",
            "data.aws_iam_policy_document.ecr_push"
          ]
        }
      ]
    },
    {
      "mode": "managed",
      "type": "aws_iam_role",
      "name": "ec2_role",
      "provider": "provider[\"registry.terraform.io/hashicorp/aws\"]",
      "instances": [
        {
          "schema_version": 0,
          "attributes": {
            "arn": "arn:aws:iam::285795751798:role/ec2-ecr-readonly-role",
            "assume_role_policy": "{\"Statement\":[{\"Action\":\"sts:AssumeRole\",\"Effect\":\"Allow\",\"Principal\":{\"Service\":\"ec2.amazonaws.com\"}}],\"Version\":\"2012-10-17\"}",
            "create_date": "2025-12-01T05:00:50Z",
            "description": "",
            "force_detach_policies": false,
            "id": "ec2-ecr-readonly-role",
            "inline_policy": [],
            "managed_policy_arns": [
              "arn:aws:iam::aws:policy/AmazonEC2ContainerRegistryReadOnly",
              "arn:aws:iam::aws:policy/CloudWatchAgentServerPolicy"
            ],
            "max_session_duration": 3600,
            "name": "ec2-ecr-readonly-role",
            "name_prefix": "",
            "path": "/",
            "permissions_boundary": "",
            "tags": {},
            "tags_all": {},
            "unique_id": "AROAUFCWBC53FPZU2J6PL"
          },
          "sensitive_attributes": [],
          "identity_schema_version": 0,
          "identity": {
            "account_id": "285795751798",
            "name": "ec2-ecr-readonly-role"
          },
          "private": "bnVsbA==",
          "dependencies": [
            "data.aws_iam_policy_document.ec2_trust"
          ]
        }
      ]
    },
    {
      "mode": "managed",
      "type": "aws_iam_role",
      "name": "gha_ecr_push",
      "provider": "provider[\"registry.terraform.io/hashicorp/aws\"]",
      "instances": [
        {
          "schema_version": 0,
          "attributes": {
            "arn": "arn:aws:iam::285795751798:role/gha-ecr-push-role",
            "assume_role_policy": "{\"Statement\":[{\"Action\":\"sts:AssumeRoleWithWebIdentity\",\"Condition\":{\"StringEquals\":{\"token.actions.githubusercontent.com:aud\":\"sts.amazonaws.com\"},\"StringLike\":{\"token.actions.githubusercontent.com:sub\":\"repo:NMemane1/CMPE272-HR-PORTAL-ESP-TeamCodeCoven:*\"}},\"Effect\":\"Allow\",\"Principal\":{\"Federated\":\"arn:aws:iam::285795751798:oidc-provider/token.actions.githubusercontent.com\"}}],\"Version\":\"2012-10-17\"}",
            "create_date": "2025-12-01T05:00:50Z",
            "description": "",
            "force_detach_policies": false,
            "id": "gha-ecr-push-role",
            "inline_policy": [],
            "managed_policy_arns": [
              "arn:aws:iam::285795751798:policy/ecr-push-policy"
            ],
            "max_session_duration": 3600,
            "name": "gha-ecr-push-role",
            "name_prefix": "",
            "path": "/",
            "permissions_boundary": "",
            "tags": {},
            "tags_all": {},
            "unique_id": "AROAUFCWBC53GSWJ4DD5R"
          },
          "sensitive_attributes": [],
          "identity_schema_version": 0,
          "identity": {
            "account_id": "285795751798",
            "name": "gha-ecr-push-role"
          },
          "private": "bnVsbA==",
          "dependencies": [
            "aws_iam_openid_connect_provider.github",
            "data.aws_iam_policy_document.gha_oidc_trust"
          ]
        }
      ]
    },
    {
      "mode": "managed",
      "type": "aws_iam_role_policy_attachment",
      "name": "attach_cw_agent",
      "provider": "provider[\"registry.terraform.io/hashicorp/aws\"]",
      "instances": [
        {
          "schema_version": 0,
          "attributes": {
            "id": "ec2-ecr-readonly-role/arn:aws:iam::aws:policy/CloudWatchAgentServerPolicy",
            "policy_arn": "arn:aws:iam::aws:policy/CloudWatchAgentServerPolicy",
            "role": "ec2-ecr-readonly-role"
          },
          "sensitive_attributes": [],
          "identity_schema_version": 0,
          "identity": {
            "account_id": "285795751798",
            "policy_arn": "arn:aws:iam::aws:policy/CloudWatchAgentServerPolicy",
            "role": "ec2-ecr-readonly-role"
          },
          "private": "bnVsbA==",
          "dependencies": [
            "aws_iam_role.ec2_role",
            "data.aws_iam_policy_document.ec2_trust"
          ]
        }
      ]
    },
    {
      "mode": "managed",
      "type": "aws_iam_role_policy_attachment",
      "name": "attach_ssm_readonly",
      "provider": "provider[\"registry.terraform.io/hashicorp/aws\"]",
      "instances": [
        {
          "schema_version": 0,
          "attributes": {
            "id": "ec2-ecr-readonly-role/arn:aws:iam::aws:policy/AmazonSSMReadOnlyAccess",
            "policy_arn": "arn:aws:iam::aws:policy/AmazonSSMReadOnlyAccess",
            "role": "ec2-ecr-readonly-role"
          },
          "sensitive_attributes": [],
          "identity_schema_version": 0,
          "identity": {
            "account_id": "285795751798",
            "policy_arn": "arn:aws:iam::aws:policy/AmazonSSMReadOnlyAccess",
            "role": "ec2-ecr-readonly-role"
          },
          "private": "bnVsbA==",
          "dependencies": [
            "aws_iam_role.ec2_role",
            "data.aws_iam_policy_document.ec2_trust"
          ]
        }
      ]
    },
    {
      "mode": "managed",
      "type": "aws_iam_role_policy_attachment",
      "name": "ec2_ecr_readonly",
      "provider": "provider[\"registry.terraform.io/hashicorp/aws\"]",
      "instances": [
        {
          "schema_version": 0,
          "attributes": {
            "id": "ec2-ecr-readonly-role/arn:aws:iam::aws:policy/AmazonEC2ContainerRegistryReadOnly",
            "policy_arn": "arn:aws:iam::aws:policy/AmazonEC2ContainerRegistryReadOnly",
            "role": "ec2-ecr-readonly-role"
          },
          "sensitive_attributes": [],
          "identity_schema_version": 0,
          "identity": {
            "account_id": "285795751798",
            "policy_arn": "arn:aws:iam::aws:policy/AmazonEC2ContainerRegistryReadOnly",
            "role": "ec2-ecr-readonly-role"
          },
          "private": "bnVsbA==",
          "dependencies": [
            "aws_iam_role.ec2_role",
            "data.aws_iam_policy_document.ec2_trust"
          ]
        }
      ]
    },
    {
      "mode": "managed",
      "type": "aws_iam_role_policy_attachment",
      "name": "gha_ecr_push_attach",
      "provider": "provider[\"registry.terraform.io/hashicorp/aws\"]",
      "instances": [
        {
          "schema_version": 0,
          "attributes": {
            "id": "gha-ecr-push-role/arn:aws:iam::285795751798:policy/ecr-push-policy",
            "policy_arn": "arn:aws:iam::285795751798:policy/ecr-push-policy",
            "role": "gha-ecr-push-role"
          },
          "sensitive_attributes": [],
          "identity_schema_version": 0,
          "identity": {
            "account_id": "285795751798",
            "policy_arn": "arn:aws:iam::285795751798:policy/ecr-push-policy",
            "role": "gha-ecr-push-role"
          },
          "private": "bnVsbA==",
          "dependencies": [
            "aws_ecr_repository.hr_backend",
            "aws_ecr_repository.hr_frontend",
            "aws_iam_openid_connect_provider.github",
            "aws_iam_policy.ecr_push",
            "aws_iam_role.gha_ecr_push",
            "data.aws_iam_policy_document.ecr_push",
            "data.aws_iam_policy_document.gha_oidc_trust"
          ]
        }
      ]
    },
    {
      "mode": "managed",
      "type": "aws_instance",
      "name": "backend",
      "provider": "provider[\"registry.terraform.io/hashicorp/aws\"]",
      "instances": [
        {
          "schema_version": 2,
          "attributes": {
            "ami": "ami-0da3a14344acbe567",
            "arn": "arn:aws:ec2:us-west-1:285795751798:instance/i-01a908746c08abab2",
            "associate_public_ip_address": true,
            "availability_zone": "us-west-1a",
            "capacity_reservation_specification": [
              {
                "capacity_reservation_preference": "open",
                "capacity_reservation_target": []
              }
            ],
            "cpu_options": [
              {
                "amd_sev_snp": "",
                "core_count": 1,
                "threads_per_core": 2
              }
            ],
            "credit_specification": [
              {
                "cpu_credits": "unlimited"
              }
            ],
            "disable_api_stop": false,
            "disable_api_termination": false,
            "ebs_block_device": [],
            "ebs_optimized": false,
            "enable_primary_ipv6": null,
            "enclave_options": [
              {
                "enabled": false
              }
            ],
            "ephemeral_block_device": [],
            "force_destroy": false,
            "get_password_data": false,
            "hibernation": false,
            "host_id": "",
            "host_resource_group_arn": null,
            "iam_instance_profile": "ec2-ecr-readonly-profile",
            "id": "i-01a908746c08abab2",
            "instance_initiated_shutdown_behavior": "stop",
            "instance_lifecycle": "",
            "instance_market_options": [],
            "instance_state": "running",
            "instance_type": "t3.micro",
            "ipv6_address_count": 0,
            "ipv6_addresses": [],
            "key_name": "key_primary",
            "launch_template": [],
            "maintenance_options": [
              {
                "auto_recovery": "default"
              }
            ],
            "metadata_options": [
              {
                "http_endpoint": "enabled",
                "http_protocol_ipv6": "disabled",
                "http_put_response_hop_limit": 2,
                "http_tokens": "required",
                "instance_metadata_tags": "disabled"
              }
            ],
            "monitoring": false,
            "network_interface": [],
            "outpost_arn": "",
            "password_data": "",
            "placement_group": "",
            "placement_group_id": "",
            "placement_partition_number": 0,
            "primary_network_interface": [
              {
                "delete_on_termination": true,
                "network_interface_id": "eni-0c512572b4ff48069"
              }
            ],
            "primary_network_interface_id": "eni-0c512572b4ff48069",
            "private_dns": "ip-172-16-1-162.us-west-1.compute.internal",
            "private_dns_name_options": [
              {
                "enable_resource_name_dns_a_record": false,
                "enable_resource_name_dns_aaaa_record": false,
                "hostname_type": "ip-name"
              }
            ],
            "private_ip": "172.16.1.162",
            "public_dns": "ec2-54-176-21-21.us-west-1.compute.amazonaws.com",
            "public_ip": "54.176.21.21",
            "region": "us-west-1",
            "root_block_device": [
              {
                "delete_on_termination": true,
                "device_name": "/dev/sda1",
                "encrypted": false,
                "iops": 3000,
                "kms_key_id": "",
                "tags": {},
                "tags_all": {},
                "throughput": 125,
                "volume_id": "vol-0b71447906712c757",
                "volume_size": 8,
                "volume_type": "gp3"
              }
            ],
            "secondary_private_ips": [],
            "security_groups": [],
            "source_dest_check": true,
            "spot_instance_request_id": "",
            "subnet_id": "subnet-05cf1e71b62615f4c",
            "tags": {
              "Name": "backend-primary"
            },
            "tags_all": {
              "Name": "backend-primary"
            },
            "tenancy": "default",
            "timeouts": null,
            "user_data": "#!/bin/bash\nexport DEBIAN_FRONTEND=noninteractive\n\nsudo apt-get update -y\nsudo apt-get install -y git mysql-client\n\nsudo apt-get install -y wget curl jq \n\n#install awscli\ncurl \"https://awscli.amazonaws.com/awscli-exe-linux-x86_64.zip\" -o \"awscliv2.zip\"\nsudo apt-get install -y unzip\nunzip -q awscliv2.zip\nsudo ./aws/install\nrm -rf aws awscliv2.zip\n\necho \"SPRING_DATASOURCE_URL=jdbc:mysql://rds-primary.c7is2cqukmqz.us-west-1.rds.amazonaws.com:3306/employees\" \u003e\u003e /etc/environment\necho \"SPRING_DATASOURCE_USERNAME=root\" \u003e\u003e /etc/environment\necho \"SPRING_DATASOURCE_PASSWORD=bMP1Bk7s4qdoU%-UeWK0\" \u003e\u003e /etc/environment\necho \"SERVER_PORT=8080\" \u003e\u003e /etc/environment\n\n# install (Java 17)\nwget -O- https://apt.corretto.aws/corretto.key | gpg --dearmor | tee /usr/share/keyrings/corretto.gpg \u003e/dev/null\necho \"deb [signed-by=/usr/share/keyrings/corretto.gpg] https://apt.corretto.aws stable main\" \u003e /etc/apt/sources.list.d/corretto.list\napt-get update -y\napt-get install -y java-17-amazon-corretto-jdk\n\n# verify\njava -version || true\n\n# app directory\ninstall -d -m 0755 /opt/hr-portal\n\n# --- CloudWatch Agent (install \u0026 start) ---\ncd /tmp\ncurl -fsS -o amazon-cloudwatch-agent.deb \\\n  https://amazoncloudwatch-agent.s3.amazonaws.com/ubuntu/amd64/latest/amazon-cloudwatch-agent.deb\nsudo dpkg -i -E ./amazon-cloudwatch-agent.deb\n\n# pull config from SSM and start\nsudo /opt/aws/amazon-cloudwatch-agent/bin/amazon-cloudwatch-agent-ctl \\\n  -a fetch-config -m ec2 -c ssm:/hr-portal/cwagent-config -s || true\n\n",
            "user_data_base64": null,
            "user_data_replace_on_change": false,
            "volume_tags": null,
            "vpc_security_group_ids": [
              "sg-02b128bacce99ec1f",
              "sg-0bcdd157e5b3a90dd"
            ]
          },
          "sensitive_attributes": [
            [
              {
                "type": "get_attr",
                "value": "user_data"
              }
            ]
          ],
          "identity_schema_version": 0,
          "identity": {
            "account_id": "285795751798",
            "id": "i-01a908746c08abab2",
            "region": "us-west-1"
          },
          "private": "eyJlMmJmYjczMC1lY2FhLTExZTYtOGY4OC0zNDM2M2JjN2M0YzAiOnsiY3JlYXRlIjo2MDAwMDAwMDAwMDAsImRlbGV0ZSI6MTIwMDAwMDAwMDAwMCwicmVhZCI6OTAwMDAwMDAwMDAwLCJ1cGRhdGUiOjYwMDAwMDAwMDAwMH0sInNjaGVtYV92ZXJzaW9uIjoiMiJ9",
          "dependencies": [
            "aws_iam_instance_profile.ec2_profile",
            "aws_iam_role.ec2_role",
            "aws_key_pair.key_pair_primary",
            "aws_security_group.allow_egress_primary",
            "aws_security_group.backend",
            "aws_security_group.db_primary",
            "data.aws_ami.ubuntu",
            "data.aws_iam_policy_document.ec2_trust",
            "module.db_primary.module.db_instance.aws_cloudwatch_log_group.this",
            "module.db_primary.module.db_instance.aws_db_instance.this",
            "module.db_primary.module.db_instance.aws_iam_role.enhanced_monitoring",
            "module.db_primary.module.db_instance.data.aws_iam_policy_document.enhanced_monitoring",
            "module.db_primary.module.db_instance.random_id.snapshot_identifier",
            "module.db_primary.module.db_option_group.aws_db_option_group.this",
            "module.db_primary.module.db_parameter_group.aws_db_parameter_group.this",
            "module.db_primary.module.db_subnet_group.aws_db_subnet_group.this",
            "module.vpc_primary.aws_subnet.private",
            "module.vpc_primary.aws_subnet.public",
            "module.vpc_primary.aws_vpc.this",
            "module.vpc_primary.aws_vpc_ipv4_cidr_block_association.this",
            "random_password.db",
            "tls_private_key.key_primary"
          ]
        }
      ]
    },
    {
      "mode": "managed",
      "type": "aws_key_pair",
      "name": "key_pair_primary",
      "provider": "provider[\"registry.terraform.io/hashicorp/aws\"]",
      "instances": [
        {
          "schema_version": 1,
          "attributes": {
            "arn": "arn:aws:ec2:us-west-1:285795751798:key-pair/key_primary",
            "fingerprint": "ad:70:35:27:a2:6c:26:a3:7c:04:56:db:25:83:d1:38",
            "id": "key_primary",
            "key_name": "key_primary",
            "key_name_prefix": "",
            "key_pair_id": "key-04b6685a2806e37a8",
            "key_type": "rsa",
            "public_key": "ssh-rsa AAAAB3NzaC1yc2EAAAADAQABAAACAQDseMdJCawf6ejrJvxYq6UeNRZO/UQ1FilULs+ugq7gfB9cjWDCtqATbiDLHZ0ryZ+f/4pBt8z9sbwVdOSIZcTcjMz9RL4PyshxQaZt47VDdzLi9VNfTD9e4hkitkByhsYADCwZg0s3KDv+aWgG8q4HoIEEolCHT0iy9PgINUq7OHbHs9kFFETdw9mfJaSbSAsIZ/Jl51qfPYo3u1CRHz8mwlT/TeI70TNOXgcNhUm3av4ekG8YfSno6CoFr+mZzarJWPC1LgdS/xF75+iO6dyodC+t9dJMSaAmI2IobRsvHRRM6TSDhm3NjGJPxxLsGjKOy3WuODKiDiGcvQeWVANgH3jgWTHwBCDwpyl7MWGbyosy+z+ynXAkJtF/wdaOXJPL/Jpg8v9kAaEzz3Vax6iHF9PyGC/IyLfyATY1PhkLNMfNU4YqaT8CQtoOGHKggjxF+PHeFRnOX2wXpPiEpJm430/Fj41c4fH6tEQLyLbR1/VW77gwql/XUV5SIBYhrXWxb0khYwDgd4NFkiY6M7dQFez3fkbgY+M1NZUh6DP8XueCXbppWhSe98rEhikQ9Y+HjuVa7LYr9LWabmcFfWchpiGuTRvRZI6qxuBohYuvAPGCl2npThCP9hHsuJp4/gq7DQ+YHsAiPQuL/2vTVoYjqDy02LZItpcCNdCiBBxITw==",
            "region": "us-west-1",
            "tags": {},
            "tags_all": {}
          },
          "sensitive_attributes": [],
          "identity_schema_version": 0,
          "private": "eyJzY2hlbWFfdmVyc2lvbiI6IjEifQ==",
          "dependencies": [
            "tls_private_key.key_primary"
          ]
        }
      ]
    },
    {
      "mode": "managed",
      "type": "aws_security_group",
      "name": "allow_egress_primary",
      "provider": "provider[\"registry.terraform.io/hashicorp/aws\"]",
      "instances": [
        {
          "schema_version": 1,
          "attributes": {
            "arn": "arn:aws:ec2:us-west-1:285795751798:security-group/sg-02b128bacce99ec1f",
            "description": "Allow all outbound traffic in primary vpc",
            "egress": [
              {
                "cidr_blocks": [
                  "0.0.0.0/0"
                ],
                "description": "",
                "from_port": 0,
                "ipv6_cidr_blocks": [],
                "prefix_list_ids": [],
                "protocol": "-1",
                "security_groups": [],
                "self": false,
                "to_port": 0
              }
            ],
            "id": "sg-02b128bacce99ec1f",
            "ingress": [],
            "name": "allow-egress-primary",
            "name_prefix": "",
            "owner_id": "285795751798",
            "region": "us-west-1",
            "revoke_rules_on_delete": false,
            "tags": {
              "Name": "allow_egress_primary"
            },
            "tags_all": {
              "Name": "allow_egress_primary"
            },
            "timeouts": null,
            "vpc_id": "vpc-0b5b8d437986964db"
          },
          "sensitive_attributes": [],
          "identity_schema_version": 0,
          "identity": {
            "account_id": "285795751798",
            "id": "sg-02b128bacce99ec1f",
            "region": "us-west-1"
          },
          "private": "eyJlMmJmYjczMC1lY2FhLTExZTYtOGY4OC0zNDM2M2JjN2M0YzAiOnsiY3JlYXRlIjo2MDAwMDAwMDAwMDAsImRlbGV0ZSI6OTAwMDAwMDAwMDAwfSwic2NoZW1hX3ZlcnNpb24iOiIxIn0=",
          "dependencies": [
            "module.vpc_primary.aws_vpc.this"
          ]
        }
      ]
    },
    {
      "mode": "managed",
      "type": "aws_security_group",
      "name": "backend",
      "provider": "provider[\"registry.terraform.io/hashicorp/aws\"]",
      "instances": [
        {
          "schema_version": 1,
          "attributes": {
            "arn": "arn:aws:ec2:us-west-1:285795751798:security-group/sg-0bcdd157e5b3a90dd",
            "description": "SSH from anywhere; 8080 from anywhere",
            "egress": [],
            "id": "sg-0bcdd157e5b3a90dd",
            "ingress": [
              {
                "cidr_blocks": [
                  "0.0.0.0/0"
                ],
                "description": "",
                "from_port": 22,
                "ipv6_cidr_blocks": [],
                "prefix_list_ids": [],
                "protocol": "tcp",
                "security_groups": [],
                "self": false,
                "to_port": 22
              },
              {
                "cidr_blocks": [
                  "0.0.0.0/0"
                ],
                "description": "",
                "from_port": 8080,
                "ipv6_cidr_blocks": [],
                "prefix_list_ids": [],
                "protocol": "tcp",
                "security_groups": [],
                "self": false,
                "to_port": 8080
              }
            ],
            "name": "backend-sg",
            "name_prefix": "",
            "owner_id": "285795751798",
            "region": "us-west-1",
            "revoke_rules_on_delete": false,
            "tags": {},
            "tags_all": {},
            "timeouts": null,
            "vpc_id": "vpc-0b5b8d437986964db"
          },
          "sensitive_attributes": [],
          "identity_schema_version": 0,
          "identity": {
            "account_id": "285795751798",
            "id": "sg-0bcdd157e5b3a90dd",
            "region": "us-west-1"
          },
          "private": "eyJlMmJmYjczMC1lY2FhLTExZTYtOGY4OC0zNDM2M2JjN2M0YzAiOnsiY3JlYXRlIjo2MDAwMDAwMDAwMDAsImRlbGV0ZSI6OTAwMDAwMDAwMDAwfSwic2NoZW1hX3ZlcnNpb24iOiIxIn0=",
          "dependencies": [
            "module.vpc_primary.aws_vpc.this"
          ]
        }
      ]
    },
    {
      "mode": "managed",
      "type": "aws_security_group",
      "name": "db_primary",
      "provider": "provider[\"registry.terraform.io/hashicorp/aws\"]",
      "instances": [
        {
          "schema_version": 1,
          "attributes": {
            "arn": "arn:aws:ec2:us-west-1:285795751798:security-group/sg-095510f395c6cb629",
            "description": "allow traffic from ec2 subnets in primary vpc",
            "egress": [],
            "id": "sg-095510f395c6cb629",
            "ingress": [
              {
                "cidr_blocks": [],
                "description": "",
                "from_port": 3306,
                "ipv6_cidr_blocks": [],
                "prefix_list_ids": [],
                "protocol": "tcp",
                "security_groups": [
                  "sg-0bcdd157e5b3a90dd"
                ],
                "self": false,
                "to_port": 3306
              }
            ],
            "name": "db-primary",
            "name_prefix": "",
            "owner_id": "285795751798",
            "region": "us-west-1",
            "revoke_rules_on_delete": false,
            "tags": {
              "Name": "db-primary"
            },
            "tags_all": {
              "Name": "db-primary"
            },
            "timeouts": null,
            "vpc_id": "vpc-0b5b8d437986964db"
          },
          "sensitive_attributes": [],
          "identity_schema_version": 0,
          "identity": {
            "account_id": "285795751798",
            "id": "sg-095510f395c6cb629",
            "region": "us-west-1"
          },
          "private": "eyJlMmJmYjczMC1lY2FhLTExZTYtOGY4OC0zNDM2M2JjN2M0YzAiOnsiY3JlYXRlIjo2MDAwMDAwMDAwMDAsImRlbGV0ZSI6OTAwMDAwMDAwMDAwfSwic2NoZW1hX3ZlcnNpb24iOiIxIn0=",
          "dependencies": [
            "module.vpc_primary.aws_vpc.this"
          ]
        }
      ]
    },
    {
      "mode": "managed",
      "type": "aws_ssm_parameter",
      "name": "cw_agent_config",
      "provider": "provider[\"registry.terraform.io/hashicorp/aws\"]",
      "instances": [
        {
          "schema_version": 0,
          "attributes": {
            "allowed_pattern": "",
            "arn": "arn:aws:ssm:us-west-1:285795751798:parameter/hr-portal/cwagent-config",
            "data_type": "text",
            "description": "",
            "has_value_wo": false,
            "id": "/hr-portal/cwagent-config",
            "insecure_value": null,
            "key_id": "",
            "name": "/hr-portal/cwagent-config",
            "overwrite": null,
            "region": "us-west-1",
            "tags": {},
            "tags_all": {},
            "tier": "Standard",
            "type": "String",
            "value": "{\"logs\":{\"logs_collected\":{\"files\":{\"collect_list\":[{\"file_path\":\"/var/log/syslog\",\"log_group_name\":\"/hr-portal/app\",\"log_stream_name\":\"{instance_id}/syslog\",\"timestamp_format\":\"%b %d %H:%M:%S\"},{\"file_path\":\"/var/log/cloud-init-output.log\",\"log_group_name\":\"/hr-portal/app\",\"log_stream_name\":\"{instance_id}/cloud-init-output\",\"timestamp_format\":\"%Y-%m-%dT%H:%M:%S\"},{\"file_path\":\"/var/lib/docker/containers/*/*.log\",\"log_group_name\":\"/hr-portal/app\",\"log_stream_name\":\"{instance_id}/docker\",\"multi_line_start_pattern\":\"^{\",\"timestamp_format\":\"%Y-%m-%dT%H:%M:%S\"}]}}},\"metrics\":{\"append_dimensions\":{\"InstanceId\":\"${aws:InstanceId}\"},\"metrics_collected\":{\"statsd\":{\"service_address\":\":8125\"}}}}",
            "value_wo": null,
            "value_wo_version": null,
            "version": 1
          },
          "sensitive_attributes": [
            [
              {
                "type": "get_attr",
                "value": "value"
              }
            ],
            [
              {
                "type": "get_attr",
                "value": "value_wo"
              }
            ]
          ],
          "identity_schema_version": 0,
          "identity": {
            "account_id": "285795751798",
            "name": "/hr-portal/cwagent-config",
            "region": "us-west-1"
          },
          "private": "bnVsbA==",
          "dependencies": [
            "aws_cloudwatch_log_group.hr_portal"
          ]
        }
      ]
    },
    {
      "mode": "managed",
      "type": "aws_vpc_security_group_egress_rule",
      "name": "allow_all_traffic_ipv4_primary",
      "provider": "provider[\"registry.terraform.io/hashicorp/aws\"]",
      "instances": [
        {
          "schema_version": 0,
          "attributes": {
            "arn": "arn:aws:ec2:us-west-1:285795751798:security-group-rule/sgr-0219898ba9242a6ec",
            "cidr_ipv4": "0.0.0.0/0",
            "cidr_ipv6": null,
            "description": null,
            "from_port": null,
            "id": "sgr-0219898ba9242a6ec",
            "ip_protocol": "-1",
            "prefix_list_id": null,
            "referenced_security_group_id": null,
            "region": "us-west-1",
            "security_group_id": "sg-02b128bacce99ec1f",
            "security_group_rule_id": "sgr-0219898ba9242a6ec",
            "tags": null,
            "tags_all": {},
            "to_port": null
          },
          "sensitive_attributes": [],
          "identity_schema_version": 0,
          "identity": {
            "account_id": "285795751798",
            "id": "sgr-0219898ba9242a6ec",
            "region": "us-west-1"
          },
          "dependencies": [
            "aws_security_group.allow_egress_primary",
            "module.vpc_primary.aws_vpc.this"
          ]
        }
      ]
    },
    {
      "mode": "managed",
      "type": "aws_vpc_security_group_ingress_rule",
      "name": "backend_http_in_any",
      "provider": "provider[\"registry.terraform.io/hashicorp/aws\"]",
      "instances": [
        {
          "schema_version": 0,
          "attributes": {
            "arn": "arn:aws:ec2:us-west-1:285795751798:security-group-rule/sgr-09da4a2edd3b6b7b2",
            "cidr_ipv4": "0.0.0.0/0",
            "cidr_ipv6": null,
            "description": null,
            "from_port": 8080,
            "id": "sgr-09da4a2edd3b6b7b2",
            "ip_protocol": "tcp",
            "prefix_list_id": null,
            "referenced_security_group_id": null,
            "region": "us-west-1",
            "security_group_id": "sg-0bcdd157e5b3a90dd",
            "security_group_rule_id": "sgr-09da4a2edd3b6b7b2",
            "tags": null,
            "tags_all": {},
            "to_port": 8080
          },
          "sensitive_attributes": [],
          "identity_schema_version": 0,
          "identity": {
            "account_id": "285795751798",
            "id": "sgr-09da4a2edd3b6b7b2",
            "region": "us-west-1"
          },
          "dependencies": [
            "aws_security_group.backend",
            "module.vpc_primary.aws_vpc.this"
          ]
        }
      ]
    },
    {
      "mode": "managed",
      "type": "aws_vpc_security_group_ingress_rule",
      "name": "backend_ssh_in_any",
      "provider": "provider[\"registry.terraform.io/hashicorp/aws\"]",
      "instances": [
        {
          "schema_version": 0,
          "attributes": {
            "arn": "arn:aws:ec2:us-west-1:285795751798:security-group-rule/sgr-0ed6e2269abb8328a",
            "cidr_ipv4": "0.0.0.0/0",
            "cidr_ipv6": null,
            "description": null,
            "from_port": 22,
            "id": "sgr-0ed6e2269abb8328a",
            "ip_protocol": "tcp",
            "prefix_list_id": null,
            "referenced_security_group_id": null,
            "region": "us-west-1",
            "security_group_id": "sg-0bcdd157e5b3a90dd",
            "security_group_rule_id": "sgr-0ed6e2269abb8328a",
            "tags": null,
            "tags_all": {},
            "to_port": 22
          },
          "sensitive_attributes": [],
          "identity_schema_version": 0,
          "identity": {
            "account_id": "285795751798",
            "id": "sgr-0ed6e2269abb8328a",
            "region": "us-west-1"
          },
          "dependencies": [
            "aws_security_group.backend",
            "module.vpc_primary.aws_vpc.this"
          ]
        }
      ]
    },
    {
      "mode": "managed",
      "type": "aws_vpc_security_group_ingress_rule",
      "name": "db_from_ec2_primary",
      "provider": "provider[\"registry.terraform.io/hashicorp/aws\"]",
      "instances": [
        {
          "schema_version": 0,
          "attributes": {
            "arn": "arn:aws:ec2:us-west-1:285795751798:security-group-rule/sgr-0c4cf3199cbf9ac9b",
            "cidr_ipv4": null,
            "cidr_ipv6": null,
            "description": null,
            "from_port": 3306,
            "id": "sgr-0c4cf3199cbf9ac9b",
            "ip_protocol": "tcp",
            "prefix_list_id": null,
            "referenced_security_group_id": "sg-0bcdd157e5b3a90dd",
            "region": "us-west-1",
            "security_group_id": "sg-095510f395c6cb629",
            "security_group_rule_id": "sgr-0c4cf3199cbf9ac9b",
            "tags": null,
            "tags_all": {},
            "to_port": 3306
          },
          "sensitive_attributes": [],
          "identity_schema_version": 0,
          "identity": {
            "account_id": "285795751798",
            "id": "sgr-0c4cf3199cbf9ac9b",
            "region": "us-west-1"
          },
          "dependencies": [
            "aws_security_group.backend",
            "aws_security_group.db_primary",
            "module.vpc_primary.aws_vpc.this"
          ]
        }
      ]
    },
    {
      "mode": "managed",
      "type": "null_resource",
      "name": "db_init",
      "provider": "provider[\"registry.terraform.io/hashicorp/null\"]",
      "instances": [
        {
          "schema_version": 0,
          "attributes": {
            "id": "1412804146173055415",
            "triggers": null
          },
          "sensitive_attributes": [],
          "identity_schema_version": 0,
          "dependencies": [
            "aws_iam_instance_profile.ec2_profile",
            "aws_iam_role.ec2_role",
            "aws_instance.backend",
            "aws_key_pair.key_pair_primary",
            "aws_security_group.allow_egress_primary",
            "aws_security_group.backend",
            "aws_security_group.db_primary",
            "data.aws_ami.ubuntu",
            "data.aws_iam_policy_document.ec2_trust",
            "module.db_primary.module.db_instance.aws_cloudwatch_log_group.this",
            "module.db_primary.module.db_instance.aws_db_instance.this",
            "module.db_primary.module.db_instance.aws_iam_role.enhanced_monitoring",
            "module.db_primary.module.db_instance.aws_iam_role_policy_attachment.enhanced_monitoring",
            "module.db_primary.module.db_instance.aws_secretsmanager_secret_rotation.this",
            "module.db_primary.module.db_instance.data.aws_iam_policy_document.enhanced_monitoring",
            "module.db_primary.module.db_instance.data.aws_partition.current",
            "module.db_primary.module.db_instance.random_id.snapshot_identifier",
            "module.db_primary.module.db_instance_role_association.aws_db_instance_role_association.this",
            "module.db_primary.module.db_option_group.aws_db_option_group.this",
            "module.db_primary.module.db_parameter_group.aws_db_parameter_group.this",
            "module.db_primary.module.db_subnet_group.aws_db_subnet_group.this",
            "module.vpc_primary.aws_subnet.private",
            "module.vpc_primary.aws_subnet.public",
            "module.vpc_primary.aws_vpc.this",
            "module.vpc_primary.aws_vpc_ipv4_cidr_block_association.this",
            "random_password.db",
            "tls_private_key.key_primary"
          ]
        }
      ]
    },
    {
      "mode": "managed",
      "type": "random_password",
      "name": "db",
      "provider": "provider[\"registry.terraform.io/hashicorp/random\"]",
      "instances": [
        {
          "schema_version": 3,
          "attributes": {
            "bcrypt_hash": "$2a$10$kPDlupQ3mbBmhxxaprjICur8O98vex9htldAZntbkUaUQL9Rd6ZbC",
            "id": "none",
            "keepers": null,
            "length": 20,
            "lower": true,
            "min_lower": 0,
            "min_numeric": 0,
            "min_special": 0,
            "min_upper": 0,
            "number": true,
            "numeric": true,
            "override_special": "_%@#-+=",
            "result": "bMP1Bk7s4qdoU%-UeWK0",
            "special": true,
            "upper": true
          },
          "sensitive_attributes": [
            [
              {
                "type": "get_attr",
                "value": "bcrypt_hash"
              }
            ],
            [
              {
                "type": "get_attr",
                "value": "result"
              }
            ]
          ],
          "identity_schema_version": 0
        }
      ]
    },
    {
      "mode": "managed",
      "type": "tls_private_key",
      "name": "key_primary",
      "provider": "provider[\"registry.terraform.io/hashicorp/tls\"]",
      "instances": [
        {
          "schema_version": 1,
          "attributes": {
            "algorithm": "RSA",
            "ecdsa_curve": "P224",
            "id": "7fa4cf08432f7e0ba07c3010e40e0503acaef307",
            "private_key_openssh": "-----BEGIN OPENSSH PRIVATE KEY-----\nb3BlbnNzaC1rZXktdjEAAAAABG5vbmUAAAAEbm9uZQAAAAAAAAABAAACFwAAAAdz\nc2gtcnNhAAAAAwEAAQAAAgEA7HjHSQmsH+no6yb8WKulHjUWTv1ENRYpVC7ProKu\n4HwfXI1gwragE24gyx2dK8mfn/+KQbfM/bG8FXTkiGXE3IzM/US+D8rIcUGmbeO1\nQ3cy4vVTX0w/XuIZIrZAcobGAAwsGYNLNyg7/mloBvKuB6CBBKJQh09IsvT4CDVK\nuzh2x7PZBRRE3cPZnyWkm0gLCGfyZedanz2KN7tQkR8/JsJU/03iO9EzTl4HDYVJ\nt2r+HpBvGH0p6OgqBa/pmc2qyVjwtS4HUv8Re+fojuncqHQvrfXSTEmgJiNiKG0b\nLx0UTOk0g4ZtzYxiT8cS7Boyjst1rjgyog4hnL0HllQDYB944Fkx8AQg8KcpezFh\nm8qLMvs/sp1wJCbRf8HWjlyTy/yaYPL/ZAGhM891WseohxfT8hgvyMi38gE2NT4Z\nCzTHzVOGKmk/AkLaDhhyoII8Rfjx3hUZzl9sF6T4hKSZuN9PxY+NXOHx+rREC8i2\n0df1Vu+4MKpf11FeUiAWIa11sW9JIWMA4HeDRZImOjO3UBXs935G4GPjNTWVIegz\n/F7ngl26aVoUnvfKxIYpEPWPh47lWuy2K/S1mm5nBX1nIaYhrk0b0WSOqsbgaIWL\nrwDxgpdp6U4Qj/YR7LiaeP4Kuw0PmB7AIj0Li/9r01aGI6g8tNi2SLaXAjXQogQc\nSE8AAAc46s9qjurPao4AAAAHc3NoLXJzYQAAAgEA7HjHSQmsH+no6yb8WKulHjUW\nTv1ENRYpVC7ProKu4HwfXI1gwragE24gyx2dK8mfn/+KQbfM/bG8FXTkiGXE3IzM\n/US+D8rIcUGmbeO1Q3cy4vVTX0w/XuIZIrZAcobGAAwsGYNLNyg7/mloBvKuB6CB\nBKJQh09IsvT4CDVKuzh2x7PZBRRE3cPZnyWkm0gLCGfyZedanz2KN7tQkR8/JsJU\n/03iO9EzTl4HDYVJt2r+HpBvGH0p6OgqBa/pmc2qyVjwtS4HUv8Re+fojuncqHQv\nrfXSTEmgJiNiKG0bLx0UTOk0g4ZtzYxiT8cS7Boyjst1rjgyog4hnL0HllQDYB94\n4Fkx8AQg8KcpezFhm8qLMvs/sp1wJCbRf8HWjlyTy/yaYPL/ZAGhM891WseohxfT\n8hgvyMi38gE2NT4ZCzTHzVOGKmk/AkLaDhhyoII8Rfjx3hUZzl9sF6T4hKSZuN9P\nxY+NXOHx+rREC8i20df1Vu+4MKpf11FeUiAWIa11sW9JIWMA4HeDRZImOjO3UBXs\n935G4GPjNTWVIegz/F7ngl26aVoUnvfKxIYpEPWPh47lWuy2K/S1mm5nBX1nIaYh\nrk0b0WSOqsbgaIWLrwDxgpdp6U4Qj/YR7LiaeP4Kuw0PmB7AIj0Li/9r01aGI6g8\ntNi2SLaXAjXQogQcSE8AAAADAQABAAACABmkTSPP3zDEugOJwjJRRoHcitM85mEF\nSqz8uHt5Y0InY3UzRWtHx1rkBb1QtELTxbHhUVon9pwJ4lXHS6K4ulyaDf5mrl9j\nA1I4prXiy7yJl+SBaq16RKLizIv1jE5+68iEiWGo2YadH8hKIMQkG5frISJiAW5y\nu/Tf2Gd3c+eSS1sDVwSUepU7kAUQXWWTLdMXBnNjX3HGCA9cCfP6mev3haT7io0m\n9bPJQWWHbwNrICwrSEi1Bc7iIfBk72VEpoDX2p4i5BttWjV/47lfhZRkqOjpr4ij\nMTEBhDrS/fAhbJqcbRvX/18bGmwBL72XZ6URTez63g6xjpaC7ugvqv/TeETkTzVH\n/1M7uYX1pVr2HEbhDuzQ5WX4OixvJhE+mpIpw+4JSZKo5DS3SmSnzZF60F9JfTVn\nBpNBVCUTfx4xi9sOfWCLrG+KWOKVlKQSLWAqGn0U0sLEKmF509anevBh/yo9229h\nISwKIDUv8UXfDLtKhrnJMDg0DeLp7RjQgC4V5eoU3NJKpXOWA4F+AiR+vepcZqj1\nDwEo3X+77OqdI4o9ERrwaAu9TWvaJQUqV+We1pUG0KYfzIZWmYFZO61FRvZjBjLi\nhYu+CmmwHDCaRaAci3rMTRLEr3Ir/ZLApm5jBHOIbhtvTrjMFPF/pZOAPdePAKod\nPKKzgdvf136VAAABAEBW4/qGwX2KPkA5kE18jF9xXAvzmmYZeHw7lC8lkxSuJOqa\nPrcROLkYEgdJQR4t43AzqGEi7P+xxXSc1hHPWE4klOtUdjhQ2DVMhInMyBXwaofM\n5INgdnynTCUdD477VovU6uvYT5cCtxeZpNpI+f2/jKXN2aFix43H5M4flg2Yt4QW\noATtNzDhequt/M/wLiOrDCi3x/9/3B42kKgoHVIUr1cBVYBKZhfQ8YKyk90Ub4fX\nuPWFstcUErhz/POVjAzhiuLXgL89MDRbwlzv2tI3zm+qhJDw3AZ7gfgeg2yIWr/w\nCkxROem0YIWZLnNWQd5nkIm885pMkHsNGQZQlksAAAEBAP0RmsIGQX48yeZi81tC\nkWD4E/Zy5pax2igAKEWkd931247CkWqa8f1GgqwGFiVc9dfrZWsEBSLL/uOvNXan\nPN8RSybvyJZFQ1DlurmUX0XP59d6lDvd9BKu94hZlKVsjYQhLhausNCWWOAYlJKX\nfTmS0hi7uBEmei3kUQQWhw7SK8zMucly/62Q8yUQKhMoOb4F25EJgrKyWhjlzyUM\nb89AmCILGIvwv4kEJynl8YmdluNCbriGYyT6FoVTzY6n//juaM9/00VwBLWiDsNb\ny0okiA0ToqNO3AGdCQbMxEjAOrRnlM2YwNjy6H6ZrNWGFSpJVKnae+h0hSvwRXTh\nC0MAAAEBAO819fne/BeHopTfLpUbEwFVIBZeUV+NGp7BnJoz+6INdTeSCmMasIA1\nGQMLs5QvGUcwwTQYutT8rCKAjewSxP+0k9lk1KouBqzrFpB7dI7PhxcMuYcbMb/G\nKYY/foecjvso9qUi2xgOci1azp3e/+FQAjW1gwfHkecm+L2d6wCWIt+1KQRrxsNd\nEZ8QtpvO2TdE0fWYrBts07Iod11iEU4jU3i2yk/FTmPfe7ZTQAJ8BNpjLygvPwrA\nWwBeq9jhJ81cWaVuGihl8oq1b4QNGe47gKYyovd9tNQChTm/Mp6pZ0/au2aQjjUG\nrWF0MtaydPwqB8TxHyPhG7dheToTsAUAAAAAAQID\n-----END OPENSSH PRIVATE KEY-----\n",
            "private_key_pem": "-----BEGIN RSA PRIVATE KEY-----\nMIIJKAIBAAKCAgEA7HjHSQmsH+no6yb8WKulHjUWTv1ENRYpVC7ProKu4HwfXI1g\nwragE24gyx2dK8mfn/+KQbfM/bG8FXTkiGXE3IzM/US+D8rIcUGmbeO1Q3cy4vVT\nX0w/XuIZIrZAcobGAAwsGYNLNyg7/mloBvKuB6CBBKJQh09IsvT4CDVKuzh2x7PZ\nBRRE3cPZnyWkm0gLCGfyZedanz2KN7tQkR8/JsJU/03iO9EzTl4HDYVJt2r+HpBv\nGH0p6OgqBa/pmc2qyVjwtS4HUv8Re+fojuncqHQvrfXSTEmgJiNiKG0bLx0UTOk0\ng4ZtzYxiT8cS7Boyjst1rjgyog4hnL0HllQDYB944Fkx8AQg8KcpezFhm8qLMvs/\nsp1wJCbRf8HWjlyTy/yaYPL/ZAGhM891WseohxfT8hgvyMi38gE2NT4ZCzTHzVOG\nKmk/AkLaDhhyoII8Rfjx3hUZzl9sF6T4hKSZuN9PxY+NXOHx+rREC8i20df1Vu+4\nMKpf11FeUiAWIa11sW9JIWMA4HeDRZImOjO3UBXs935G4GPjNTWVIegz/F7ngl26\naVoUnvfKxIYpEPWPh47lWuy2K/S1mm5nBX1nIaYhrk0b0WSOqsbgaIWLrwDxgpdp\n6U4Qj/YR7LiaeP4Kuw0PmB7AIj0Li/9r01aGI6g8tNi2SLaXAjXQogQcSE8CAwEA\nAQKCAgAZpE0jz98wxLoDicIyUUaB3IrTPOZhBUqs/Lh7eWNCJ2N1M0VrR8da5AW9\nULRC08Wx4VFaJ/acCeJVx0uiuLpcmg3+Zq5fYwNSOKa14su8iZfkgWqtekSi4syL\n9YxOfuvIhIlhqNmGnR/ISiDEJBuX6yEiYgFucrv039hnd3PnkktbA1cElHqVO5AF\nEF1lky3TFwZzY19xxggPXAnz+pnr94Wk+4qNJvWzyUFlh28DayAsK0hItQXO4iHw\nZO9lRKaA19qeIuQbbVo1f+O5X4WUZKjo6a+IozExAYQ60v3wIWyanG0b1/9fGxps\nAS+9l2elEU3s+t4OsY6Wgu7oL6r/03hE5E81R/9TO7mF9aVa9hxG4Q7s0OVl+Dos\nbyYRPpqSKcPuCUmSqOQ0t0pkp82RetBfSX01ZwaTQVQlE38eMYvbDn1gi6xvilji\nlZSkEi1gKhp9FNLCxCphedPWp3rwYf8qPdtvYSEsCiA1L/FF3wy7Soa5yTA4NA3i\n6e0Y0IAuFeXqFNzSSqVzlgOBfgIkfr3qXGao9Q8BKN1/u+zqnSOKPREa8GgLvU1r\n2iUFKlflntaVBtCmH8yGVpmBWTutRUb2YwYy4oWLvgppsBwwmkWgHIt6zE0SxK9y\nK/2SwKZuYwRziG4bb064zBTxf6WTgD3XjwCqHTyis4Hb39d+lQKCAQEA/RGawgZB\nfjzJ5mLzW0KRYPgT9nLmlrHaKAAoRaR33fXbjsKRaprx/UaCrAYWJVz11+tlawQF\nIsv+4681dqc83xFLJu/IlkVDUOW6uZRfRc/n13qUO930Eq73iFmUpWyNhCEuFq6w\n0JZY4BiUkpd9OZLSGLu4ESZ6LeRRBBaHDtIrzMy5yXL/rZDzJRAqEyg5vgXbkQmC\nsrJaGOXPJQxvz0CYIgsYi/C/iQQnKeXxiZ2W40JuuIZjJPoWhVPNjqf/+O5oz3/T\nRXAEtaIOw1vLSiSIDROio07cAZ0JBszESMA6tGeUzZjA2PLofpms1YYVKklUqdp7\n6HSFK/BFdOELQwKCAQEA7zX1+d78F4eilN8ulRsTAVUgFl5RX40ansGcmjP7og11\nN5IKYxqwgDUZAwuzlC8ZRzDBNBi61PysIoCN7BLE/7ST2WTUqi4GrOsWkHt0js+H\nFwy5hxsxv8Yphj9+h5yO+yj2pSLbGA5yLVrOnd7/4VACNbWDB8eR5yb4vZ3rAJYi\n37UpBGvGw10RnxC2m87ZN0TR9ZisG2zTsih3XWIRTiNTeLbKT8VOY997tlNAAnwE\n2mMvKC8/CsBbAF6r2OEnzVxZpW4aKGXyirVvhA0Z7juApjKi93201AKFOb8ynqln\nT9q7ZpCONQatYXQy1rJ0/CoHxPEfI+Ebt2F5OhOwBQKCAQEAimgNbt5DBYqzlag6\nlofiwNkM+fW/fV2KBeSIIgagdCmZygtJwrc5cB8XKoQtqoOcBVo93niVYoGVRus1\nX0558TohEwuDdgQtm9n49LRcIu9hSi1FUzTB31IIGW9857hl8YTAEzG5jGsd8nof\nD8mAeHN/Kn3IXsDfg6fiU00K0qVJxTmWxsF5anDjOjsL9+xBIFdNzZYZACihNArD\n7uxNXllimwPcifTCnGpEDRswreYddu+HZK5DHR8WIBdETig9y+SAODQd1VU9jiUy\n08+pcERokFZT1eM0WkGLhUeKdouDz9TywjswBbdcRpk/uIwbmUP/5OGUcP8BMpW3\nNwQ5xwKCAQBpOPdGPovtXcBqc/HtrMcjYuqGbF6nBU6cXtYgDpW1pu3Uz+y5w1e4\nTaL+7/rCSCV6ZzvVSruETND7LElBetAlGq2ehvf1E+Hj1lVKoMOYvjjSLsq9X3z2\nupgxcWSbCobqfA5ifX6aimA3Cyav0xQDbEpMjddhaKwJXd80qW5iB6i3dtzgEPiR\nnzLNIXDyAH8UDLW+rrWmKqzERYCcFzM9h9SD2QQNKuFclUW54czaSutnlRF9P6sf\nc5WUCBDXidMURnc4icH/2zhhQ4YWNB0f6hShBs0gyK7uQ12PFUeS+zlyquicKSIk\nuRczMwXZ4w4KjgJ04wuroK2scLf+kAJxAoIBAEBW4/qGwX2KPkA5kE18jF9xXAvz\nmmYZeHw7lC8lkxSuJOqaPrcROLkYEgdJQR4t43AzqGEi7P+xxXSc1hHPWE4klOtU\ndjhQ2DVMhInMyBXwaofM5INgdnynTCUdD477VovU6uvYT5cCtxeZpNpI+f2/jKXN\n2aFix43H5M4flg2Yt4QWoATtNzDhequt/M/wLiOrDCi3x/9/3B42kKgoHVIUr1cB\nVYBKZhfQ8YKyk90Ub4fXuPWFstcUErhz/POVjAzhiuLXgL89MDRbwlzv2tI3zm+q\nhJDw3AZ7gfgeg2yIWr/wCkxROem0YIWZLnNWQd5nkIm885pMkHsNGQZQlks=\n-----END RSA PRIVATE KEY-----\n",
            "private_key_pem_pkcs8": "-----BEGIN PRIVATE KEY-----\nMIIJQgIBADANBgkqhkiG9w0BAQEFAASCCSwwggkoAgEAAoICAQDseMdJCawf6ejr\nJvxYq6UeNRZO/UQ1FilULs+ugq7gfB9cjWDCtqATbiDLHZ0ryZ+f/4pBt8z9sbwV\ndOSIZcTcjMz9RL4PyshxQaZt47VDdzLi9VNfTD9e4hkitkByhsYADCwZg0s3KDv+\naWgG8q4HoIEEolCHT0iy9PgINUq7OHbHs9kFFETdw9mfJaSbSAsIZ/Jl51qfPYo3\nu1CRHz8mwlT/TeI70TNOXgcNhUm3av4ekG8YfSno6CoFr+mZzarJWPC1LgdS/xF7\n5+iO6dyodC+t9dJMSaAmI2IobRsvHRRM6TSDhm3NjGJPxxLsGjKOy3WuODKiDiGc\nvQeWVANgH3jgWTHwBCDwpyl7MWGbyosy+z+ynXAkJtF/wdaOXJPL/Jpg8v9kAaEz\nz3Vax6iHF9PyGC/IyLfyATY1PhkLNMfNU4YqaT8CQtoOGHKggjxF+PHeFRnOX2wX\npPiEpJm430/Fj41c4fH6tEQLyLbR1/VW77gwql/XUV5SIBYhrXWxb0khYwDgd4NF\nkiY6M7dQFez3fkbgY+M1NZUh6DP8XueCXbppWhSe98rEhikQ9Y+HjuVa7LYr9LWa\nbmcFfWchpiGuTRvRZI6qxuBohYuvAPGCl2npThCP9hHsuJp4/gq7DQ+YHsAiPQuL\n/2vTVoYjqDy02LZItpcCNdCiBBxITwIDAQABAoICABmkTSPP3zDEugOJwjJRRoHc\nitM85mEFSqz8uHt5Y0InY3UzRWtHx1rkBb1QtELTxbHhUVon9pwJ4lXHS6K4ulya\nDf5mrl9jA1I4prXiy7yJl+SBaq16RKLizIv1jE5+68iEiWGo2YadH8hKIMQkG5fr\nISJiAW5yu/Tf2Gd3c+eSS1sDVwSUepU7kAUQXWWTLdMXBnNjX3HGCA9cCfP6mev3\nhaT7io0m9bPJQWWHbwNrICwrSEi1Bc7iIfBk72VEpoDX2p4i5BttWjV/47lfhZRk\nqOjpr4ijMTEBhDrS/fAhbJqcbRvX/18bGmwBL72XZ6URTez63g6xjpaC7ugvqv/T\neETkTzVH/1M7uYX1pVr2HEbhDuzQ5WX4OixvJhE+mpIpw+4JSZKo5DS3SmSnzZF6\n0F9JfTVnBpNBVCUTfx4xi9sOfWCLrG+KWOKVlKQSLWAqGn0U0sLEKmF509anevBh\n/yo9229hISwKIDUv8UXfDLtKhrnJMDg0DeLp7RjQgC4V5eoU3NJKpXOWA4F+AiR+\nvepcZqj1DwEo3X+77OqdI4o9ERrwaAu9TWvaJQUqV+We1pUG0KYfzIZWmYFZO61F\nRvZjBjLihYu+CmmwHDCaRaAci3rMTRLEr3Ir/ZLApm5jBHOIbhtvTrjMFPF/pZOA\nPdePAKodPKKzgdvf136VAoIBAQD9EZrCBkF+PMnmYvNbQpFg+BP2cuaWsdooAChF\npHfd9duOwpFqmvH9RoKsBhYlXPXX62VrBAUiy/7jrzV2pzzfEUsm78iWRUNQ5bq5\nlF9Fz+fXepQ73fQSrveIWZSlbI2EIS4WrrDQlljgGJSSl305ktIYu7gRJnot5FEE\nFocO0ivMzLnJcv+tkPMlECoTKDm+BduRCYKysloY5c8lDG/PQJgiCxiL8L+JBCcp\n5fGJnZbjQm64hmMk+haFU82Op//47mjPf9NFcAS1og7DW8tKJIgNE6KjTtwBnQkG\nzMRIwDq0Z5TNmMDY8uh+mazVhhUqSVSp2nvodIUr8EV04QtDAoIBAQDvNfX53vwX\nh6KU3y6VGxMBVSAWXlFfjRqewZyaM/uiDXU3kgpjGrCANRkDC7OULxlHMME0GLrU\n/KwigI3sEsT/tJPZZNSqLgas6xaQe3SOz4cXDLmHGzG/ximGP36HnI77KPalItsY\nDnItWs6d3v/hUAI1tYMHx5HnJvi9nesAliLftSkEa8bDXRGfELabztk3RNH1mKwb\nbNOyKHddYhFOI1N4tspPxU5j33u2U0ACfATaYy8oLz8KwFsAXqvY4SfNXFmlbhoo\nZfKKtW+EDRnuO4CmMqL3fbTUAoU5vzKeqWdP2rtmkI41Bq1hdDLWsnT8KgfE8R8j\n4Ru3YXk6E7AFAoIBAQCKaA1u3kMFirOVqDqWh+LA2Qz59b99XYoF5IgiBqB0KZnK\nC0nCtzlwHxcqhC2qg5wFWj3eeJVigZVG6zVfTnnxOiETC4N2BC2b2fj0tFwi72FK\nLUVTNMHfUggZb3znuGXxhMATMbmMax3yeh8PyYB4c38qfchewN+Dp+JTTQrSpUnF\nOZbGwXlqcOM6Owv37EEgV03NlhkAKKE0CsPu7E1eWWKbA9yJ9MKcakQNGzCt5h12\n74dkrkMdHxYgF0ROKD3L5IA4NB3VVT2OJTLTz6lwRGiQVlPV4zRaQYuFR4p2i4PP\n1PLCOzAFt1xGmT+4jBuZQ//k4ZRw/wEylbc3BDnHAoIBAGk490Y+i+1dwGpz8e2s\nxyNi6oZsXqcFTpxe1iAOlbWm7dTP7LnDV7hNov7v+sJIJXpnO9VKu4RM0PssSUF6\n0CUarZ6G9/UT4ePWVUqgw5i+ONIuyr1ffPa6mDFxZJsKhup8DmJ9fpqKYDcLJq/T\nFANsSkyN12ForAld3zSpbmIHqLd23OAQ+JGfMs0hcPIAfxQMtb6utaYqrMRFgJwX\nMz2H1IPZBA0q4VyVRbnhzNpK62eVEX0/qx9zlZQIENeJ0xRGdziJwf/bOGFDhhY0\nHR/qFKEGzSDIru5DXY8VR5L7OXKq6JwpIiS5FzMzBdnjDgqOAnTjC6ugraxwt/6Q\nAnECggEAQFbj+obBfYo+QDmQTXyMX3FcC/OaZhl4fDuULyWTFK4k6po+txE4uRgS\nB0lBHi3jcDOoYSLs/7HFdJzWEc9YTiSU61R2OFDYNUyEiczIFfBqh8zkg2B2fKdM\nJR0PjvtWi9Tq69hPlwK3F5mk2kj5/b+Mpc3ZoWLHjcfkzh+WDZi3hBagBO03MOF6\nq638z/AuI6sMKLfH/3/cHjaQqCgdUhSvVwFVgEpmF9DxgrKT3RRvh9e49YWy1xQS\nuHP885WMDOGK4teAvz0wNFvCXO/a0jfOb6qEkPDcBnuB+B6DbIhav/AKTFE56bRg\nhZkuc1ZB3meQibzzmkyQew0ZBlCWSw==\n-----END PRIVATE KEY-----\n",
            "public_key_fingerprint_md5": "de:b1:fc:0f:11:5e:65:56:ca:39:ed:45:22:e7:f4:1c",
            "public_key_fingerprint_sha256": "SHA256:ysa6B/BvXo3Uh8nGW57mRepLzNZbaHgIPN1X9cub1oI",
            "public_key_openssh": "ssh-rsa AAAAB3NzaC1yc2EAAAADAQABAAACAQDseMdJCawf6ejrJvxYq6UeNRZO/UQ1FilULs+ugq7gfB9cjWDCtqATbiDLHZ0ryZ+f/4pBt8z9sbwVdOSIZcTcjMz9RL4PyshxQaZt47VDdzLi9VNfTD9e4hkitkByhsYADCwZg0s3KDv+aWgG8q4HoIEEolCHT0iy9PgINUq7OHbHs9kFFETdw9mfJaSbSAsIZ/Jl51qfPYo3u1CRHz8mwlT/TeI70TNOXgcNhUm3av4ekG8YfSno6CoFr+mZzarJWPC1LgdS/xF75+iO6dyodC+t9dJMSaAmI2IobRsvHRRM6TSDhm3NjGJPxxLsGjKOy3WuODKiDiGcvQeWVANgH3jgWTHwBCDwpyl7MWGbyosy+z+ynXAkJtF/wdaOXJPL/Jpg8v9kAaEzz3Vax6iHF9PyGC/IyLfyATY1PhkLNMfNU4YqaT8CQtoOGHKggjxF+PHeFRnOX2wXpPiEpJm430/Fj41c4fH6tEQLyLbR1/VW77gwql/XUV5SIBYhrXWxb0khYwDgd4NFkiY6M7dQFez3fkbgY+M1NZUh6DP8XueCXbppWhSe98rEhikQ9Y+HjuVa7LYr9LWabmcFfWchpiGuTRvRZI6qxuBohYuvAPGCl2npThCP9hHsuJp4/gq7DQ+YHsAiPQuL/2vTVoYjqDy02LZItpcCNdCiBBxITw==\n",
            "public_key_pem": "-----BEGIN PUBLIC KEY-----\nMIICIjANBgkqhkiG9w0BAQEFAAOCAg8AMIICCgKCAgEA7HjHSQmsH+no6yb8WKul\nHjUWTv1ENRYpVC7ProKu4HwfXI1gwragE24gyx2dK8mfn/+KQbfM/bG8FXTkiGXE\n3IzM/US+D8rIcUGmbeO1Q3cy4vVTX0w/XuIZIrZAcobGAAwsGYNLNyg7/mloBvKu\nB6CBBKJQh09IsvT4CDVKuzh2x7PZBRRE3cPZnyWkm0gLCGfyZedanz2KN7tQkR8/\nJsJU/03iO9EzTl4HDYVJt2r+HpBvGH0p6OgqBa/pmc2qyVjwtS4HUv8Re+fojunc\nqHQvrfXSTEmgJiNiKG0bLx0UTOk0g4ZtzYxiT8cS7Boyjst1rjgyog4hnL0HllQD\nYB944Fkx8AQg8KcpezFhm8qLMvs/sp1wJCbRf8HWjlyTy/yaYPL/ZAGhM891Wseo\nhxfT8hgvyMi38gE2NT4ZCzTHzVOGKmk/AkLaDhhyoII8Rfjx3hUZzl9sF6T4hKSZ\nuN9PxY+NXOHx+rREC8i20df1Vu+4MKpf11FeUiAWIa11sW9JIWMA4HeDRZImOjO3\nUBXs935G4GPjNTWVIegz/F7ngl26aVoUnvfKxIYpEPWPh47lWuy2K/S1mm5nBX1n\nIaYhrk0b0WSOqsbgaIWLrwDxgpdp6U4Qj/YR7LiaeP4Kuw0PmB7AIj0Li/9r01aG\nI6g8tNi2SLaXAjXQogQcSE8CAwEAAQ==\n-----END PUBLIC KEY-----\n",
            "rsa_bits": 4096
          },
          "sensitive_attributes": [
            [
              {
                "type": "get_attr",
                "value": "private_key_openssh"
              }
            ],
            [
              {
                "type": "get_attr",
                "value": "private_key_pem"
              }
            ],
            [
              {
                "type": "get_attr",
                "value": "private_key_pem_pkcs8"
              }
            ]
          ],
          "identity_schema_version": 0
        }
      ]
    },
    {
      "module": "module.db_primary.module.db_instance",
      "mode": "data",
      "type": "aws_iam_policy_document",
      "name": "enhanced_monitoring",
      "provider": "provider[\"registry.terraform.io/hashicorp/aws\"]",
      "instances": [
        {
          "schema_version": 0,
          "attributes": {
            "id": "76086537",
            "json": "{\n  \"Version\": \"2012-10-17\",\n  \"Statement\": [\n    {\n      \"Effect\": \"Allow\",\n      \"Action\": \"sts:AssumeRole\",\n      \"Principal\": {\n        \"Service\": \"monitoring.rds.amazonaws.com\"\n      }\n    }\n  ]\n}",
            "minified_json": "{\"Version\":\"2012-10-17\",\"Statement\":[{\"Effect\":\"Allow\",\"Action\":\"sts:AssumeRole\",\"Principal\":{\"Service\":\"monitoring.rds.amazonaws.com\"}}]}",
            "override_json": null,
            "override_policy_documents": null,
            "policy_id": null,
            "source_json": null,
            "source_policy_documents": null,
            "statement": [
              {
                "actions": [
                  "sts:AssumeRole"
                ],
                "condition": [],
                "effect": "Allow",
                "not_actions": [],
                "not_principals": [],
                "not_resources": [],
                "principals": [
                  {
                    "identifiers": [
                      "monitoring.rds.amazonaws.com"
                    ],
                    "type": "Service"
                  }
                ],
                "resources": [],
                "sid": ""
              }
            ],
            "version": "2012-10-17"
          },
          "sensitive_attributes": [],
          "identity_schema_version": 0
        }
      ]
    },
    {
      "module": "module.db_primary.module.db_instance",
      "mode": "data",
      "type": "aws_partition",
      "name": "current",
      "provider": "provider[\"registry.terraform.io/hashicorp/aws\"]",
      "instances": [
        {
          "schema_version": 0,
          "attributes": {
            "dns_suffix": "amazonaws.com",
            "id": "aws",
            "partition": "aws",
            "reverse_dns_prefix": "com.amazonaws"
          },
          "sensitive_attributes": [],
          "identity_schema_version": 0
        }
      ]
    },
    {
      "module": "module.db_primary.module.db_instance",
      "mode": "managed",
      "type": "aws_db_instance",
      "name": "this",
      "provider": "provider[\"registry.terraform.io/hashicorp/aws\"]",
      "instances": [
        {
          "index_key": 0,
          "schema_version": 2,
          "attributes": {
            "address": "rds-primary.c7is2cqukmqz.us-west-1.rds.amazonaws.com",
            "allocated_storage": 20,
            "allow_major_version_upgrade": false,
            "apply_immediately": true,
            "arn": "arn:aws:rds:us-west-1:285795751798:db:rds-primary",
            "auto_minor_version_upgrade": true,
            "availability_zone": "us-west-1a",
            "backup_retention_period": 1,
            "backup_target": "region",
            "backup_window": "12:31-13:01",
            "blue_green_update": [],
            "ca_cert_identifier": "rds-ca-rsa2048-g1",
            "character_set_name": "",
            "copy_tags_to_snapshot": false,
            "custom_iam_instance_profile": "",
            "customer_owned_ip_enabled": false,
            "database_insights_mode": "standard",
            "db_name": "employees",
            "db_subnet_group_name": "rds-primary-20251130013401165500000006",
            "dedicated_log_volume": false,
            "delete_automated_backups": true,
            "deletion_protection": false,
            "domain": "",
            "domain_auth_secret_arn": "",
            "domain_dns_ips": [],
            "domain_fqdn": "",
            "domain_iam_role_name": "",
            "domain_ou": "",
            "enabled_cloudwatch_logs_exports": [],
            "endpoint": "rds-primary.c7is2cqukmqz.us-west-1.rds.amazonaws.com:3306",
            "engine": "mysql",
            "engine_lifecycle_support": "open-source-rds-extended-support",
            "engine_version": "8.0",
            "engine_version_actual": "8.0.43",
            "final_snapshot_identifier": null,
            "hosted_zone_id": "Z10WI91S59XXQN",
            "iam_database_authentication_enabled": false,
            "id": "db-ZZF4XQYD2BZAGWOSOWUVNCU3AA",
            "identifier": "rds-primary",
            "identifier_prefix": "",
            "instance_class": "db.t4g.micro",
            "iops": 0,
            "kms_key_id": "arn:aws:kms:us-west-1:285795751798:key/ed8061d5-c79a-48c8-9454-b142d80e8709",
            "latest_restorable_time": "2025-12-02T19:45:00Z",
            "license_model": "general-public-license",
            "listener_endpoint": [],
            "maintenance_window": "wed:06:10-wed:06:40",
            "manage_master_user_password": null,
            "master_user_secret": [],
            "master_user_secret_kms_key_id": null,
            "max_allocated_storage": 0,
            "monitoring_interval": 0,
            "monitoring_role_arn": "",
            "multi_az": false,
            "nchar_character_set_name": "",
            "network_type": "IPV4",
            "option_group_name": "rds-primary-20251130013348470300000002",
            "parameter_group_name": "rds-primary-20251130013348470300000001",
            "password": "bMP1Bk7s4qdoU%-UeWK0",
            "password_wo": null,
            "password_wo_version": null,
            "performance_insights_enabled": false,
            "performance_insights_kms_key_id": "",
            "performance_insights_retention_period": 0,
            "port": 3306,
            "publicly_accessible": false,
            "region": "us-west-1",
            "replica_mode": "",
            "replicas": [],
            "replicate_source_db": "",
            "resource_id": "db-ZZF4XQYD2BZAGWOSOWUVNCU3AA",
            "restore_to_point_in_time": [],
            "s3_import": [],
            "skip_final_snapshot": true,
            "snapshot_identifier": null,
            "status": "available",
            "storage_encrypted": true,
            "storage_throughput": 0,
            "storage_type": "gp2",
            "tags": {},
            "tags_all": {},
            "timeouts": {
              "create": null,
              "delete": null,
              "update": null
            },
            "timezone": "",
            "upgrade_storage_config": null,
            "username": "root",
            "vpc_security_group_ids": [
              "sg-095510f395c6cb629"
            ]
          },
          "sensitive_attributes": [
            [
              {
                "type": "get_attr",
                "value": "password"
              }
            ],
            [
              {
                "type": "get_attr",
                "value": "password_wo"
              }
            ]
          ],
          "identity_schema_version": 0,
          "private": "eyJlMmJmYjczMC1lY2FhLTExZTYtOGY4OC0zNDM2M2JjN2M0YzAiOnsiY3JlYXRlIjozMDAwMDAwMDAwMDAwLCJkZWxldGUiOjM2MDAwMDAwMDAwMDAsInVwZGF0ZSI6NDgwMDAwMDAwMDAwMH0sInNjaGVtYV92ZXJzaW9uIjoiMiJ9",
          "dependencies": [
            "aws_security_group.db_primary",
            "module.db_primary.module.db_instance.aws_cloudwatch_log_group.this",
            "module.db_primary.module.db_instance.aws_iam_role.enhanced_monitoring",
            "module.db_primary.module.db_instance.data.aws_iam_policy_document.enhanced_monitoring",
            "module.db_primary.module.db_instance.random_id.snapshot_identifier",
            "module.db_primary.module.db_option_group.aws_db_option_group.this",
            "module.db_primary.module.db_parameter_group.aws_db_parameter_group.this",
            "module.db_primary.module.db_subnet_group.aws_db_subnet_group.this",
            "module.vpc_primary.aws_subnet.private",
            "module.vpc_primary.aws_vpc.this",
            "module.vpc_primary.aws_vpc_ipv4_cidr_block_association.this",
            "random_password.db"
          ]
        }
      ]
    },
    {
      "module": "module.db_primary.module.db_option_group",
      "mode": "managed",
      "type": "aws_db_option_group",
      "name": "this",
      "provider": "provider[\"registry.terraform.io/hashicorp/aws\"]",
      "instances": [
        {
          "index_key": 0,
          "schema_version": 0,
          "attributes": {
            "arn": "arn:aws:rds:us-west-1:285795751798:og:rds-primary-20251130013348470300000002",
            "engine_name": "mysql",
            "id": "rds-primary-20251130013348470300000002",
            "major_engine_version": "8.0",
            "name": "rds-primary-20251130013348470300000002",
            "name_prefix": "rds-primary-",
            "option": [],
            "option_group_description": "rds-primary option group",
            "region": "us-west-1",
            "skip_destroy": false,
            "tags": {
              "Name": "rds-primary"
            },
            "tags_all": {
              "Name": "rds-primary"
            },
            "timeouts": {
              "delete": null
            }
          },
          "sensitive_attributes": [],
          "identity_schema_version": 0,
          "private": "eyJlMmJmYjczMC1lY2FhLTExZTYtOGY4OC0zNDM2M2JjN2M0YzAiOnsiZGVsZXRlIjo5MDAwMDAwMDAwMDB9fQ==",
          "create_before_destroy": true
        }
      ]
    },
    {
      "module": "module.db_primary.module.db_parameter_group",
      "mode": "managed",
      "type": "aws_db_parameter_group",
      "name": "this",
      "provider": "provider[\"registry.terraform.io/hashicorp/aws\"]",
      "instances": [
        {
          "index_key": 0,
          "schema_version": 0,
          "attributes": {
            "arn": "arn:aws:rds:us-west-1:285795751798:pg:rds-primary-20251130013348470300000001",
            "description": "rds-primary parameter group",
            "family": "mysql8.0",
            "id": "rds-primary-20251130013348470300000001",
            "name": "rds-primary-20251130013348470300000001",
            "name_prefix": "rds-primary-",
            "parameter": [],
            "region": "us-west-1",
            "skip_destroy": false,
            "tags": {
              "Name": "rds-primary"
            },
            "tags_all": {
              "Name": "rds-primary"
            }
          },
          "sensitive_attributes": [],
          "identity_schema_version": 0,
          "private": "bnVsbA==",
          "create_before_destroy": true
        }
      ]
    },
    {
      "module": "module.db_primary.module.db_subnet_group",
      "mode": "managed",
      "type": "aws_db_subnet_group",
      "name": "this",
      "provider": "provider[\"registry.terraform.io/hashicorp/aws\"]",
      "instances": [
        {
          "index_key": 0,
          "schema_version": 0,
          "attributes": {
            "arn": "arn:aws:rds:us-west-1:285795751798:subgrp:rds-primary-20251130013401165500000006",
            "description": "rds-primary subnet group",
            "id": "rds-primary-20251130013401165500000006",
            "name": "rds-primary-20251130013401165500000006",
            "name_prefix": "rds-primary-",
            "region": "us-west-1",
            "subnet_ids": [
              "subnet-00f1c7a95fe784c94",
              "subnet-0f1a564c1c0979c6a"
            ],
            "supported_network_types": [
              "IPV4"
            ],
            "tags": {
              "Name": "rds-primary"
            },
            "tags_all": {
              "Name": "rds-primary"
            },
            "vpc_id": "vpc-0b5b8d437986964db"
          },
          "sensitive_attributes": [],
          "identity_schema_version": 0,
          "private": "bnVsbA==",
          "dependencies": [
            "module.vpc_primary.aws_subnet.private",
            "module.vpc_primary.aws_vpc.this",
            "module.vpc_primary.aws_vpc_ipv4_cidr_block_association.this"
          ]
        }
      ]
    },
    {
      "module": "module.vpc_primary",
      "mode": "managed",
      "type": "aws_default_network_acl",
      "name": "this",
      "provider": "provider[\"registry.terraform.io/hashicorp/aws\"]",
      "instances": [
        {
          "index_key": 0,
          "schema_version": 0,
          "attributes": {
            "arn": "arn:aws:ec2:us-west-1:285795751798:network-acl/acl-0a52e64003e781ca0",
            "default_network_acl_id": "acl-0a52e64003e781ca0",
            "egress": [
              {
                "action": "allow",
                "cidr_block": "",
                "from_port": 0,
                "icmp_code": 0,
                "icmp_type": 0,
                "ipv6_cidr_block": "::/0",
                "protocol": "-1",
                "rule_no": 101,
                "to_port": 0
              },
              {
                "action": "allow",
                "cidr_block": "0.0.0.0/0",
                "from_port": 0,
                "icmp_code": 0,
                "icmp_type": 0,
                "ipv6_cidr_block": "",
                "protocol": "-1",
                "rule_no": 100,
                "to_port": 0
              }
            ],
            "id": "acl-0a52e64003e781ca0",
            "ingress": [
              {
                "action": "allow",
                "cidr_block": "",
                "from_port": 0,
                "icmp_code": 0,
                "icmp_type": 0,
                "ipv6_cidr_block": "::/0",
                "protocol": "-1",
                "rule_no": 101,
                "to_port": 0
              },
              {
                "action": "allow",
                "cidr_block": "0.0.0.0/0",
                "from_port": 0,
                "icmp_code": 0,
                "icmp_type": 0,
                "ipv6_cidr_block": "",
                "protocol": "-1",
                "rule_no": 100,
                "to_port": 0
              }
            ],
            "owner_id": "285795751798",
            "region": "us-west-1",
            "subnet_ids": [
              "subnet-00f1c7a95fe784c94",
              "subnet-05cf1e71b62615f4c",
              "subnet-06c0aeae7ba4cfde8",
              "subnet-0f1a564c1c0979c6a"
            ],
            "tags": {
              "Environment": "dev",
              "Name": "vpc-primary",
              "Project": "hr-portal"
            },
            "tags_all": {
              "Environment": "dev",
              "Name": "vpc-primary",
              "Project": "hr-portal"
            },
            "vpc_id": "vpc-0b5b8d437986964db"
          },
          "sensitive_attributes": [],
          "identity_schema_version": 0,
          "private": "bnVsbA==",
          "dependencies": [
            "module.vpc_primary.aws_vpc.this"
          ]
        }
      ]
    },
    {
      "module": "module.vpc_primary",
      "mode": "managed",
      "type": "aws_default_route_table",
      "name": "default",
      "provider": "provider[\"registry.terraform.io/hashicorp/aws\"]",
      "instances": [
        {
          "index_key": 0,
          "schema_version": 0,
          "attributes": {
            "arn": "arn:aws:ec2:us-west-1:285795751798:route-table/rtb-0c3344bbdf8e18e0e",
            "default_route_table_id": "rtb-0c3344bbdf8e18e0e",
            "id": "rtb-0c3344bbdf8e18e0e",
            "owner_id": "285795751798",
            "propagating_vgws": [],
            "region": "us-west-1",
            "route": [],
            "tags": {
              "Environment": "dev",
              "Name": "vpc-primary",
              "Project": "hr-portal"
            },
            "tags_all": {
              "Environment": "dev",
              "Name": "vpc-primary",
              "Project": "hr-portal"
            },
            "timeouts": {
              "create": "5m",
              "update": "5m"
            },
            "vpc_id": "vpc-0b5b8d437986964db"
          },
          "sensitive_attributes": [],
          "identity_schema_version": 0,
          "private": "eyJlMmJmYjczMC1lY2FhLTExZTYtOGY4OC0zNDM2M2JjN2M0YzAiOnsiY3JlYXRlIjozMDAwMDAwMDAwMDAsInVwZGF0ZSI6MzAwMDAwMDAwMDAwfX0=",
          "dependencies": [
            "module.vpc_primary.aws_vpc.this"
          ]
        }
      ]
    },
    {
      "module": "module.vpc_primary",
      "mode": "managed",
      "type": "aws_default_security_group",
      "name": "this",
      "provider": "provider[\"registry.terraform.io/hashicorp/aws\"]",
      "instances": [
        {
          "index_key": 0,
          "schema_version": 1,
          "attributes": {
            "arn": "arn:aws:ec2:us-west-1:285795751798:security-group/sg-0801367255621d1de",
            "description": "default VPC security group",
            "egress": [],
            "id": "sg-0801367255621d1de",
            "ingress": [],
            "name": "default",
            "name_prefix": "",
            "owner_id": "285795751798",
            "region": "us-west-1",
            "revoke_rules_on_delete": false,
            "tags": {
              "Environment": "dev",
              "Name": "vpc-primary",
              "Project": "hr-portal"
            },
            "tags_all": {
              "Environment": "dev",
              "Name": "vpc-primary",
              "Project": "hr-portal"
            },
            "vpc_id": "vpc-0b5b8d437986964db"
          },
          "sensitive_attributes": [],
          "identity_schema_version": 0,
          "private": "eyJzY2hlbWFfdmVyc2lvbiI6IjEifQ==",
          "dependencies": [
            "module.vpc_primary.aws_vpc.this"
          ]
        }
      ]
    },
    {
      "module": "module.vpc_primary",
      "mode": "managed",
      "type": "aws_internet_gateway",
      "name": "this",
      "provider": "provider[\"registry.terraform.io/hashicorp/aws\"]",
      "instances": [
        {
          "index_key": 0,
          "schema_version": 0,
          "attributes": {
            "arn": "arn:aws:ec2:us-west-1:285795751798:internet-gateway/igw-00774438c7f345a00",
            "id": "igw-00774438c7f345a00",
            "owner_id": "285795751798",
            "region": "us-west-1",
            "tags": {
              "Environment": "dev",
              "Name": "vpc-primary",
              "Project": "hr-portal"
            },
            "tags_all": {
              "Environment": "dev",
              "Name": "vpc-primary",
              "Project": "hr-portal"
            },
            "timeouts": null,
            "vpc_id": "vpc-0b5b8d437986964db"
          },
          "sensitive_attributes": [],
          "identity_schema_version": 0,
          "private": "eyJlMmJmYjczMC1lY2FhLTExZTYtOGY4OC0zNDM2M2JjN2M0YzAiOnsiY3JlYXRlIjoxMjAwMDAwMDAwMDAwLCJkZWxldGUiOjEyMDAwMDAwMDAwMDAsInVwZGF0ZSI6MTIwMDAwMDAwMDAwMH19",
          "dependencies": [
            "module.vpc_primary.aws_vpc.this",
            "module.vpc_primary.aws_vpc_ipv4_cidr_block_association.this"
          ]
        }
      ]
    },
    {
      "module": "module.vpc_primary",
      "mode": "managed",
      "type": "aws_route",
      "name": "public_internet_gateway",
      "provider": "provider[\"registry.terraform.io/hashicorp/aws\"]",
      "instances": [
        {
          "index_key": 0,
          "schema_version": 0,
          "attributes": {
            "carrier_gateway_id": "",
            "core_network_arn": "",
            "destination_cidr_block": "0.0.0.0/0",
            "destination_ipv6_cidr_block": "",
            "destination_prefix_list_id": "",
            "egress_only_gateway_id": "",
            "gateway_id": "igw-00774438c7f345a00",
            "id": "r-rtb-0d8384a254b1506751080289494",
            "instance_id": "",
            "instance_owner_id": "",
            "local_gateway_id": "",
            "nat_gateway_id": "",
            "network_interface_id": "",
            "origin": "CreateRoute",
            "region": "us-west-1",
            "route_table_id": "rtb-0d8384a254b150675",
            "state": "active",
            "timeouts": {
              "create": "5m",
              "delete": null,
              "update": null
            },
            "transit_gateway_id": "",
            "vpc_endpoint_id": "",
            "vpc_peering_connection_id": ""
          },
          "sensitive_attributes": [],
          "identity_schema_version": 0,
          "identity": {
            "account_id": "285795751798",
            "destination_cidr_block": "0.0.0.0/0",
            "destination_ipv6_cidr_block": null,
            "destination_prefix_list_id": null,
            "region": "us-west-1",
            "route_table_id": "rtb-0d8384a254b150675"
          },
          "private": "eyJlMmJmYjczMC1lY2FhLTExZTYtOGY4OC0zNDM2M2JjN2M0YzAiOnsiY3JlYXRlIjozMDAwMDAwMDAwMDAsImRlbGV0ZSI6MzAwMDAwMDAwMDAwLCJ1cGRhdGUiOjEyMDAwMDAwMDAwMH19",
          "dependencies": [
            "module.vpc_primary.aws_internet_gateway.this",
            "module.vpc_primary.aws_route_table.public",
            "module.vpc_primary.aws_vpc.this",
            "module.vpc_primary.aws_vpc_ipv4_cidr_block_association.this"
          ]
        }
      ]
    },
    {
      "module": "module.vpc_primary",
      "mode": "managed",
      "type": "aws_route_table",
      "name": "private",
      "provider": "provider[\"registry.terraform.io/hashicorp/aws\"]",
      "instances": [
        {
          "index_key": 0,
          "schema_version": 0,
          "attributes": {
            "arn": "arn:aws:ec2:us-west-1:285795751798:route-table/rtb-073583b1ab0d31150",
            "id": "rtb-073583b1ab0d31150",
            "owner_id": "285795751798",
            "propagating_vgws": [],
            "region": "us-west-1",
            "route": [],
            "tags": {
              "Environment": "dev",
              "Name": "vpc-primary",
              "Project": "hr-portal"
            },
            "tags_all": {
              "Environment": "dev",
              "Name": "vpc-primary",
              "Project": "hr-portal"
            },
            "timeouts": null,
            "vpc_id": "vpc-0b5b8d437986964db"
          },
          "sensitive_attributes": [],
          "identity_schema_version": 0,
          "identity": {
            "account_id": "285795751798",
            "id": "rtb-073583b1ab0d31150",
            "region": "us-west-1"
          },
          "private": "eyJlMmJmYjczMC1lY2FhLTExZTYtOGY4OC0zNDM2M2JjN2M0YzAiOnsiY3JlYXRlIjozMDAwMDAwMDAwMDAsImRlbGV0ZSI6MzAwMDAwMDAwMDAwLCJ1cGRhdGUiOjEyMDAwMDAwMDAwMH19",
          "dependencies": [
            "module.vpc_primary.aws_vpc.this",
            "module.vpc_primary.aws_vpc_ipv4_cidr_block_association.this"
          ]
        },
        {
          "index_key": 1,
          "schema_version": 0,
          "attributes": {
            "arn": "arn:aws:ec2:us-west-1:285795751798:route-table/rtb-02ae39ab868667c1f",
            "id": "rtb-02ae39ab868667c1f",
            "owner_id": "285795751798",
            "propagating_vgws": [],
            "region": "us-west-1",
            "route": [],
            "tags": {
              "Environment": "dev",
              "Name": "vpc-primary",
              "Project": "hr-portal"
            },
            "tags_all": {
              "Environment": "dev",
              "Name": "vpc-primary",
              "Project": "hr-portal"
            },
            "timeouts": null,
            "vpc_id": "vpc-0b5b8d437986964db"
          },
          "sensitive_attributes": [],
          "identity_schema_version": 0,
          "identity": {
            "account_id": "285795751798",
            "id": "rtb-02ae39ab868667c1f",
            "region": "us-west-1"
          },
          "private": "eyJlMmJmYjczMC1lY2FhLTExZTYtOGY4OC0zNDM2M2JjN2M0YzAiOnsiY3JlYXRlIjozMDAwMDAwMDAwMDAsImRlbGV0ZSI6MzAwMDAwMDAwMDAwLCJ1cGRhdGUiOjEyMDAwMDAwMDAwMH19",
          "dependencies": [
            "module.vpc_primary.aws_vpc.this",
            "module.vpc_primary.aws_vpc_ipv4_cidr_block_association.this"
          ]
        }
      ]
    },
    {
      "module": "module.vpc_primary",
      "mode": "managed",
      "type": "aws_route_table",
      "name": "public",
      "provider": "provider[\"registry.terraform.io/hashicorp/aws\"]",
      "instances": [
        {
          "index_key": 0,
          "schema_version": 0,
          "attributes": {
            "arn": "arn:aws:ec2:us-west-1:285795751798:route-table/rtb-0d8384a254b150675",
            "id": "rtb-0d8384a254b150675",
            "owner_id": "285795751798",
            "propagating_vgws": [],
            "region": "us-west-1",
            "route": [
              {
                "carrier_gateway_id": "",
                "cidr_block": "0.0.0.0/0",
                "core_network_arn": "",
                "destination_prefix_list_id": "",
                "egress_only_gateway_id": "",
                "gateway_id": "igw-00774438c7f345a00",
                "ipv6_cidr_block": "",
                "local_gateway_id": "",
                "nat_gateway_id": "",
                "network_interface_id": "",
                "transit_gateway_id": "",
                "vpc_endpoint_id": "",
                "vpc_peering_connection_id": ""
              }
            ],
            "tags": {
              "Environment": "dev",
              "Name": "vpc-primary",
              "Project": "hr-portal"
            },
            "tags_all": {
              "Environment": "dev",
              "Name": "vpc-primary",
              "Project": "hr-portal"
            },
            "timeouts": null,
            "vpc_id": "vpc-0b5b8d437986964db"
          },
          "sensitive_attributes": [],
          "identity_schema_version": 0,
          "identity": {
            "account_id": "285795751798",
            "id": "rtb-0d8384a254b150675",
            "region": "us-west-1"
          },
          "private": "eyJlMmJmYjczMC1lY2FhLTExZTYtOGY4OC0zNDM2M2JjN2M0YzAiOnsiY3JlYXRlIjozMDAwMDAwMDAwMDAsImRlbGV0ZSI6MzAwMDAwMDAwMDAwLCJ1cGRhdGUiOjEyMDAwMDAwMDAwMH19",
          "dependencies": [
            "module.vpc_primary.aws_vpc.this",
            "module.vpc_primary.aws_vpc_ipv4_cidr_block_association.this"
          ]
        }
      ]
    },
    {
      "module": "module.vpc_primary",
      "mode": "managed",
      "type": "aws_route_table_association",
      "name": "private",
      "provider": "provider[\"registry.terraform.io/hashicorp/aws\"]",
      "instances": [
        {
          "index_key": 0,
          "schema_version": 0,
          "attributes": {
            "gateway_id": "",
            "id": "rtbassoc-0511a42b1e79b5565",
            "region": "us-west-1",
            "route_table_id": "rtb-073583b1ab0d31150",
            "subnet_id": "subnet-0f1a564c1c0979c6a",
            "timeouts": null
          },
          "sensitive_attributes": [],
          "identity_schema_version": 0,
          "private": "eyJlMmJmYjczMC1lY2FhLTExZTYtOGY4OC0zNDM2M2JjN2M0YzAiOnsiY3JlYXRlIjozMDAwMDAwMDAwMDAsImRlbGV0ZSI6MzAwMDAwMDAwMDAwLCJ1cGRhdGUiOjEyMDAwMDAwMDAwMH19",
          "dependencies": [
            "module.vpc_primary.aws_route_table.private",
            "module.vpc_primary.aws_subnet.private",
            "module.vpc_primary.aws_vpc.this",
            "module.vpc_primary.aws_vpc_ipv4_cidr_block_association.this"
          ]
        },
        {
          "index_key": 1,
          "schema_version": 0,
          "attributes": {
            "gateway_id": "",
            "id": "rtbassoc-08376c79410bdf37c",
            "region": "us-west-1",
            "route_table_id": "rtb-02ae39ab868667c1f",
            "subnet_id": "subnet-00f1c7a95fe784c94",
            "timeouts": null
          },
          "sensitive_attributes": [],
          "identity_schema_version": 0,
          "private": "eyJlMmJmYjczMC1lY2FhLTExZTYtOGY4OC0zNDM2M2JjN2M0YzAiOnsiY3JlYXRlIjozMDAwMDAwMDAwMDAsImRlbGV0ZSI6MzAwMDAwMDAwMDAwLCJ1cGRhdGUiOjEyMDAwMDAwMDAwMH19",
          "dependencies": [
            "module.vpc_primary.aws_route_table.private",
            "module.vpc_primary.aws_subnet.private",
            "module.vpc_primary.aws_vpc.this",
            "module.vpc_primary.aws_vpc_ipv4_cidr_block_association.this"
          ]
        }
      ]
    },
    {
      "module": "module.vpc_primary",
      "mode": "managed",
      "type": "aws_route_table_association",
      "name": "public",
      "provider": "provider[\"registry.terraform.io/hashicorp/aws\"]",
      "instances": [
        {
          "index_key": 0,
          "schema_version": 0,
          "attributes": {
            "gateway_id": "",
            "id": "rtbassoc-0d6b2127f5fb3e294",
            "region": "us-west-1",
            "route_table_id": "rtb-0d8384a254b150675",
            "subnet_id": "subnet-05cf1e71b62615f4c",
            "timeouts": null
          },
          "sensitive_attributes": [],
          "identity_schema_version": 0,
          "private": "eyJlMmJmYjczMC1lY2FhLTExZTYtOGY4OC0zNDM2M2JjN2M0YzAiOnsiY3JlYXRlIjozMDAwMDAwMDAwMDAsImRlbGV0ZSI6MzAwMDAwMDAwMDAwLCJ1cGRhdGUiOjEyMDAwMDAwMDAwMH19",
          "dependencies": [
            "module.vpc_primary.aws_route_table.public",
            "module.vpc_primary.aws_subnet.public",
            "module.vpc_primary.aws_vpc.this",
            "module.vpc_primary.aws_vpc_ipv4_cidr_block_association.this"
          ]
        },
        {
          "index_key": 1,
          "schema_version": 0,
          "attributes": {
            "gateway_id": "",
            "id": "rtbassoc-0fd1cbc87f326be8c",
            "region": "us-west-1",
            "route_table_id": "rtb-0d8384a254b150675",
            "subnet_id": "subnet-06c0aeae7ba4cfde8",
            "timeouts": null
          },
          "sensitive_attributes": [],
          "identity_schema_version": 0,
          "private": "eyJlMmJmYjczMC1lY2FhLTExZTYtOGY4OC0zNDM2M2JjN2M0YzAiOnsiY3JlYXRlIjozMDAwMDAwMDAwMDAsImRlbGV0ZSI6MzAwMDAwMDAwMDAwLCJ1cGRhdGUiOjEyMDAwMDAwMDAwMH19",
          "dependencies": [
            "module.vpc_primary.aws_route_table.public",
            "module.vpc_primary.aws_subnet.public",
            "module.vpc_primary.aws_vpc.this",
            "module.vpc_primary.aws_vpc_ipv4_cidr_block_association.this"
          ]
        }
      ]
    },
    {
      "module": "module.vpc_primary",
      "mode": "managed",
      "type": "aws_subnet",
      "name": "private",
      "provider": "provider[\"registry.terraform.io/hashicorp/aws\"]",
      "instances": [
        {
          "index_key": 0,
          "schema_version": 1,
          "attributes": {
            "arn": "arn:aws:ec2:us-west-1:285795751798:subnet/subnet-0f1a564c1c0979c6a",
            "assign_ipv6_address_on_creation": false,
            "availability_zone": "us-west-1a",
            "availability_zone_id": "usw1-az1",
            "cidr_block": "172.16.3.0/24",
            "customer_owned_ipv4_pool": "",
            "enable_dns64": false,
            "enable_lni_at_device_index": 0,
            "enable_resource_name_dns_a_record_on_launch": false,
            "enable_resource_name_dns_aaaa_record_on_launch": false,
            "id": "subnet-0f1a564c1c0979c6a",
            "ipv6_cidr_block": "",
            "ipv6_cidr_block_association_id": "",
            "ipv6_native": false,
            "map_customer_owned_ip_on_launch": false,
            "map_public_ip_on_launch": false,
            "outpost_arn": "",
            "owner_id": "285795751798",
            "private_dns_hostname_type_on_launch": "ip-name",
            "region": "us-west-1",
            "tags": {
              "Environment": "dev",
              "Name": "vpc-primary",
              "Project": "hr-portal"
            },
            "tags_all": {
              "Environment": "dev",
              "Name": "vpc-primary",
              "Project": "hr-portal"
            },
            "timeouts": null,
            "vpc_id": "vpc-0b5b8d437986964db"
          },
          "sensitive_attributes": [],
          "identity_schema_version": 0,
          "identity": {
            "account_id": "285795751798",
            "id": "subnet-0f1a564c1c0979c6a",
            "region": "us-west-1"
          },
          "private": "eyJlMmJmYjczMC1lY2FhLTExZTYtOGY4OC0zNDM2M2JjN2M0YzAiOnsiY3JlYXRlIjo2MDAwMDAwMDAwMDAsImRlbGV0ZSI6MTIwMDAwMDAwMDAwMH0sInNjaGVtYV92ZXJzaW9uIjoiMSJ9",
          "dependencies": [
            "module.vpc_primary.aws_vpc.this",
            "module.vpc_primary.aws_vpc_ipv4_cidr_block_association.this"
          ]
        },
        {
          "index_key": 1,
          "schema_version": 1,
          "attributes": {
            "arn": "arn:aws:ec2:us-west-1:285795751798:subnet/subnet-00f1c7a95fe784c94",
            "assign_ipv6_address_on_creation": false,
            "availability_zone": "us-west-1c",
            "availability_zone_id": "usw1-az3",
            "cidr_block": "172.16.4.0/24",
            "customer_owned_ipv4_pool": "",
            "enable_dns64": false,
            "enable_lni_at_device_index": 0,
            "enable_resource_name_dns_a_record_on_launch": false,
            "enable_resource_name_dns_aaaa_record_on_launch": false,
            "id": "subnet-00f1c7a95fe784c94",
            "ipv6_cidr_block": "",
            "ipv6_cidr_block_association_id": "",
            "ipv6_native": false,
            "map_customer_owned_ip_on_launch": false,
            "map_public_ip_on_launch": false,
            "outpost_arn": "",
            "owner_id": "285795751798",
            "private_dns_hostname_type_on_launch": "ip-name",
            "region": "us-west-1",
            "tags": {
              "Environment": "dev",
              "Name": "vpc-primary",
              "Project": "hr-portal"
            },
            "tags_all": {
              "Environment": "dev",
              "Name": "vpc-primary",
              "Project": "hr-portal"
            },
            "timeouts": null,
            "vpc_id": "vpc-0b5b8d437986964db"
          },
          "sensitive_attributes": [],
          "identity_schema_version": 0,
          "identity": {
            "account_id": "285795751798",
            "id": "subnet-00f1c7a95fe784c94",
            "region": "us-west-1"
          },
          "private": "eyJlMmJmYjczMC1lY2FhLTExZTYtOGY4OC0zNDM2M2JjN2M0YzAiOnsiY3JlYXRlIjo2MDAwMDAwMDAwMDAsImRlbGV0ZSI6MTIwMDAwMDAwMDAwMH0sInNjaGVtYV92ZXJzaW9uIjoiMSJ9",
          "dependencies": [
            "module.vpc_primary.aws_vpc.this",
            "module.vpc_primary.aws_vpc_ipv4_cidr_block_association.this"
          ]
        }
      ]
    },
    {
      "module": "module.vpc_primary",
      "mode": "managed",
      "type": "aws_subnet",
      "name": "public",
      "provider": "provider[\"registry.terraform.io/hashicorp/aws\"]",
      "instances": [
        {
          "index_key": 0,
          "schema_version": 1,
          "attributes": {
            "arn": "arn:aws:ec2:us-west-1:285795751798:subnet/subnet-05cf1e71b62615f4c",
            "assign_ipv6_address_on_creation": false,
            "availability_zone": "us-west-1a",
            "availability_zone_id": "usw1-az1",
            "cidr_block": "172.16.1.0/24",
            "customer_owned_ipv4_pool": "",
            "enable_dns64": false,
            "enable_lni_at_device_index": 0,
            "enable_resource_name_dns_a_record_on_launch": false,
            "enable_resource_name_dns_aaaa_record_on_launch": false,
            "id": "subnet-05cf1e71b62615f4c",
            "ipv6_cidr_block": "",
            "ipv6_cidr_block_association_id": "",
            "ipv6_native": false,
            "map_customer_owned_ip_on_launch": false,
            "map_public_ip_on_launch": false,
            "outpost_arn": "",
            "owner_id": "285795751798",
            "private_dns_hostname_type_on_launch": "ip-name",
            "region": "us-west-1",
            "tags": {
              "Environment": "dev",
              "Name": "vpc-primary",
              "Project": "hr-portal"
            },
            "tags_all": {
              "Environment": "dev",
              "Name": "vpc-primary",
              "Project": "hr-portal"
            },
            "timeouts": null,
            "vpc_id": "vpc-0b5b8d437986964db"
          },
          "sensitive_attributes": [],
          "identity_schema_version": 0,
          "identity": {
            "account_id": "285795751798",
            "id": "subnet-05cf1e71b62615f4c",
            "region": "us-west-1"
          },
          "private": "eyJlMmJmYjczMC1lY2FhLTExZTYtOGY4OC0zNDM2M2JjN2M0YzAiOnsiY3JlYXRlIjo2MDAwMDAwMDAwMDAsImRlbGV0ZSI6MTIwMDAwMDAwMDAwMH0sInNjaGVtYV92ZXJzaW9uIjoiMSJ9",
          "dependencies": [
            "module.vpc_primary.aws_vpc.this",
            "module.vpc_primary.aws_vpc_ipv4_cidr_block_association.this"
          ]
        },
        {
          "index_key": 1,
          "schema_version": 1,
          "attributes": {
            "arn": "arn:aws:ec2:us-west-1:285795751798:subnet/subnet-06c0aeae7ba4cfde8",
            "assign_ipv6_address_on_creation": false,
            "availability_zone": "us-west-1c",
            "availability_zone_id": "usw1-az3",
            "cidr_block": "172.16.2.0/24",
            "customer_owned_ipv4_pool": "",
            "enable_dns64": false,
            "enable_lni_at_device_index": 0,
            "enable_resource_name_dns_a_record_on_launch": false,
            "enable_resource_name_dns_aaaa_record_on_launch": false,
            "id": "subnet-06c0aeae7ba4cfde8",
            "ipv6_cidr_block": "",
            "ipv6_cidr_block_association_id": "",
            "ipv6_native": false,
            "map_customer_owned_ip_on_launch": false,
            "map_public_ip_on_launch": false,
            "outpost_arn": "",
            "owner_id": "285795751798",
            "private_dns_hostname_type_on_launch": "ip-name",
            "region": "us-west-1",
            "tags": {
              "Environment": "dev",
              "Name": "vpc-primary",
              "Project": "hr-portal"
            },
            "tags_all": {
              "Environment": "dev",
              "Name": "vpc-primary",
              "Project": "hr-portal"
            },
            "timeouts": null,
            "vpc_id": "vpc-0b5b8d437986964db"
          },
          "sensitive_attributes": [],
          "identity_schema_version": 0,
          "identity": {
            "account_id": "285795751798",
            "id": "subnet-06c0aeae7ba4cfde8",
            "region": "us-west-1"
          },
          "private": "eyJlMmJmYjczMC1lY2FhLTExZTYtOGY4OC0zNDM2M2JjN2M0YzAiOnsiY3JlYXRlIjo2MDAwMDAwMDAwMDAsImRlbGV0ZSI6MTIwMDAwMDAwMDAwMH0sInNjaGVtYV92ZXJzaW9uIjoiMSJ9",
          "dependencies": [
            "module.vpc_primary.aws_vpc.this",
            "module.vpc_primary.aws_vpc_ipv4_cidr_block_association.this"
          ]
        }
      ]
    },
    {
      "module": "module.vpc_primary",
      "mode": "managed",
      "type": "aws_vpc",
      "name": "this",
      "provider": "provider[\"registry.terraform.io/hashicorp/aws\"]",
      "instances": [
        {
          "index_key": 0,
          "schema_version": 1,
          "attributes": {
            "arn": "arn:aws:ec2:us-west-1:285795751798:vpc/vpc-0b5b8d437986964db",
            "assign_generated_ipv6_cidr_block": false,
            "cidr_block": "172.16.0.0/16",
            "default_network_acl_id": "acl-0a52e64003e781ca0",
            "default_route_table_id": "rtb-0c3344bbdf8e18e0e",
            "default_security_group_id": "sg-0801367255621d1de",
            "dhcp_options_id": "dopt-0e3329cd1a8aa7195",
            "enable_dns_hostnames": true,
            "enable_dns_support": true,
            "enable_network_address_usage_metrics": false,
            "id": "vpc-0b5b8d437986964db",
            "instance_tenancy": "default",
            "ipv4_ipam_pool_id": null,
            "ipv4_netmask_length": null,
            "ipv6_association_id": "",
            "ipv6_cidr_block": "",
            "ipv6_cidr_block_network_border_group": "",
            "ipv6_ipam_pool_id": "",
            "ipv6_netmask_length": 0,
            "main_route_table_id": "rtb-0c3344bbdf8e18e0e",
            "owner_id": "285795751798",
            "region": "us-west-1",
            "tags": {
              "Environment": "dev",
              "Name": "vpc-primary",
              "Project": "hr-portal"
            },
            "tags_all": {
              "Environment": "dev",
              "Name": "vpc-primary",
              "Project": "hr-portal"
            }
          },
          "sensitive_attributes": [],
          "identity_schema_version": 0,
          "identity": {
            "account_id": "285795751798",
            "id": "vpc-0b5b8d437986964db",
            "region": "us-west-1"
          },
          "private": "eyJzY2hlbWFfdmVyc2lvbiI6IjEifQ=="
        }
      ]
    }
  ],
  "check_results": null
}
